// !$*UTF8*$!
{
	archiveVersion = 1;
	classes = {
	};
	objectVersion = 51;
	objects = {

/* Begin PBXBuildFile section */
		DC09C42C32B7030B69201634 /* Pods_Extension.framework in Frameworks */ = {isa = PBXBuildFile; fileRef = C8F1E5D1D91E4C4BAC842FD3 /* Pods_Extension.framework */; };
		E71B26C225FE9D23001AA5BB /* GradientView.swift in Sources */ = {isa = PBXBuildFile; fileRef = E71B26C125FE9D23001AA5BB /* GradientView.swift */; };
		E738A53E262CC33000A76112 /* DesignableUITextField.swift in Sources */ = {isa = PBXBuildFile; fileRef = E738A53D262CC33000A76112 /* DesignableUITextField.swift */; };
		E74B9BA22605018F00D68644 /* Global.swift in Sources */ = {isa = PBXBuildFile; fileRef = E74B9BA12605018F00D68644 /* Global.swift */; };
		E759292225FA6BE300363F6B /* AppDelegate.swift in Sources */ = {isa = PBXBuildFile; fileRef = E759292125FA6BE300363F6B /* AppDelegate.swift */; };
		E759292425FA6BE300363F6B /* SceneDelegate.swift in Sources */ = {isa = PBXBuildFile; fileRef = E759292325FA6BE300363F6B /* SceneDelegate.swift */; };
		E759292625FA6BE300363F6B /* ViewController.swift in Sources */ = {isa = PBXBuildFile; fileRef = E759292525FA6BE300363F6B /* ViewController.swift */; };
		E759292925FA6BE300363F6B /* Main.storyboard in Resources */ = {isa = PBXBuildFile; fileRef = E759292725FA6BE300363F6B /* Main.storyboard */; };
		E759292B25FA6BE500363F6B /* Assets.xcassets in Resources */ = {isa = PBXBuildFile; fileRef = E759292A25FA6BE500363F6B /* Assets.xcassets */; };
		E759292E25FA6BE500363F6B /* LaunchScreen.storyboard in Resources */ = {isa = PBXBuildFile; fileRef = E759292C25FA6BE500363F6B /* LaunchScreen.storyboard */; };
		E759293725FA6BFF00363F6B /* Extensions.swift in Sources */ = {isa = PBXBuildFile; fileRef = E759293625FA6BFF00363F6B /* Extensions.swift */; };
		E766A3662601A77200FD0961 /* Extension_Enum.swift in Sources */ = {isa = PBXBuildFile; fileRef = E766A3652601A77200FD0961 /* Extension_Enum.swift */; };
		E774BFAB261F59C60045907A /* Colors.plist in Resources */ = {isa = PBXBuildFile; fileRef = E774BFAA261F59C60045907A /* Colors.plist */; };
		E774BFAE2620AFCA0045907A /* appDsysms.png in Resources */ = {isa = PBXBuildFile; fileRef = E774BFAD2620AFCA0045907A /* appDsysms.png */; };
		E774BFB326217BE00045907A /* imgurK.swift in Sources */ = {isa = PBXBuildFile; fileRef = E774BFB226217BE00045907A /* imgurK.swift */; };
		E7802B38260A644100F7C44C /* NetworkReachability.swift in Sources */ = {isa = PBXBuildFile; fileRef = E7802B37260A644100F7C44C /* NetworkReachability.swift */; };
		E7802B3C260BA5E200F7C44C /* APIManagerOld.swift in Sources */ = {isa = PBXBuildFile; fileRef = E7802B3B260BA5E200F7C44C /* APIManagerOld.swift */; };
		E7802B44260BB22300F7C44C /* GradientButton.swift in Sources */ = {isa = PBXBuildFile; fileRef = E7802B43260BB22300F7C44C /* GradientButton.swift */; };
		E7802B67260E280B00F7C44C /* APIManager.swift in Sources */ = {isa = PBXBuildFile; fileRef = E7802B66260E280B00F7C44C /* APIManager.swift */; };
/* End PBXBuildFile section */

/* Begin PBXFileReference section */
		362C0C96959DB0EFD51E0628 /* Pods-Extension.release.xcconfig */ = {isa = PBXFileReference; includeInIndex = 1; lastKnownFileType = text.xcconfig; name = "Pods-Extension.release.xcconfig"; path = "Target Support Files/Pods-Extension/Pods-Extension.release.xcconfig"; sourceTree = "<group>"; };
		C8F1E5D1D91E4C4BAC842FD3 /* Pods_Extension.framework */ = {isa = PBXFileReference; explicitFileType = wrapper.framework; includeInIndex = 0; path = Pods_Extension.framework; sourceTree = BUILT_PRODUCTS_DIR; };
		E71B26C125FE9D23001AA5BB /* GradientView.swift */ = {isa = PBXFileReference; lastKnownFileType = sourcecode.swift; path = GradientView.swift; sourceTree = "<group>"; };
		E738A53D262CC33000A76112 /* DesignableUITextField.swift */ = {isa = PBXFileReference; lastKnownFileType = sourcecode.swift; path = DesignableUITextField.swift; sourceTree = "<group>"; };
		E74B9BA12605018F00D68644 /* Global.swift */ = {isa = PBXFileReference; lastKnownFileType = sourcecode.swift; path = Global.swift; sourceTree = "<group>"; };
		E759291E25FA6BE300363F6B /* Extension.app */ = {isa = PBXFileReference; explicitFileType = wrapper.application; includeInIndex = 0; path = Extension.app; sourceTree = BUILT_PRODUCTS_DIR; };
		E759292125FA6BE300363F6B /* AppDelegate.swift */ = {isa = PBXFileReference; lastKnownFileType = sourcecode.swift; path = AppDelegate.swift; sourceTree = "<group>"; };
		E759292325FA6BE300363F6B /* SceneDelegate.swift */ = {isa = PBXFileReference; lastKnownFileType = sourcecode.swift; path = SceneDelegate.swift; sourceTree = "<group>"; };
		E759292525FA6BE300363F6B /* ViewController.swift */ = {isa = PBXFileReference; lastKnownFileType = sourcecode.swift; path = ViewController.swift; sourceTree = "<group>"; };
		E759292825FA6BE300363F6B /* Base */ = {isa = PBXFileReference; lastKnownFileType = file.storyboard; name = Base; path = Base.lproj/Main.storyboard; sourceTree = "<group>"; };
		E759292A25FA6BE500363F6B /* Assets.xcassets */ = {isa = PBXFileReference; lastKnownFileType = folder.assetcatalog; path = Assets.xcassets; sourceTree = "<group>"; };
		E759292D25FA6BE500363F6B /* Base */ = {isa = PBXFileReference; lastKnownFileType = file.storyboard; name = Base; path = Base.lproj/LaunchScreen.storyboard; sourceTree = "<group>"; };
		E759292F25FA6BE500363F6B /* Info.plist */ = {isa = PBXFileReference; lastKnownFileType = text.plist.xml; path = Info.plist; sourceTree = "<group>"; };
		E759293625FA6BFF00363F6B /* Extensions.swift */ = {isa = PBXFileReference; lastKnownFileType = sourcecode.swift; path = Extensions.swift; sourceTree = "<group>"; };
		E766A3652601A77200FD0961 /* Extension_Enum.swift */ = {isa = PBXFileReference; lastKnownFileType = sourcecode.swift; path = Extension_Enum.swift; sourceTree = "<group>"; };
		E774BFAA261F59C60045907A /* Colors.plist */ = {isa = PBXFileReference; lastKnownFileType = text.plist.xml; path = Colors.plist; sourceTree = "<group>"; };
		E774BFAD2620AFCA0045907A /* appDsysms.png */ = {isa = PBXFileReference; lastKnownFileType = image.png; path = appDsysms.png; sourceTree = "<group>"; };
		E774BFB226217BE00045907A /* imgurK.swift */ = {isa = PBXFileReference; lastKnownFileType = sourcecode.swift; path = imgurK.swift; sourceTree = "<group>"; };
		E7802B37260A644100F7C44C /* NetworkReachability.swift */ = {isa = PBXFileReference; lastKnownFileType = sourcecode.swift; path = NetworkReachability.swift; sourceTree = "<group>"; };
		E7802B3B260BA5E200F7C44C /* APIManagerOld.swift */ = {isa = PBXFileReference; lastKnownFileType = sourcecode.swift; path = APIManagerOld.swift; sourceTree = "<group>"; };
		E7802B43260BB22300F7C44C /* GradientButton.swift */ = {isa = PBXFileReference; lastKnownFileType = sourcecode.swift; path = GradientButton.swift; sourceTree = "<group>"; };
		E7802B66260E280B00F7C44C /* APIManager.swift */ = {isa = PBXFileReference; lastKnownFileType = sourcecode.swift; path = APIManager.swift; sourceTree = "<group>"; };
		E783D7B6262B4CED0028C3E0 /* 3.png */ = {isa = PBXFileReference; lastKnownFileType = image.png; path = 3.png; sourceTree = "<group>"; };
		E783D7B7262B4CED0028C3E0 /* naveenPhotos.jpg */ = {isa = PBXFileReference; lastKnownFileType = image.jpeg; path = naveenPhotos.jpg; sourceTree = "<group>"; };
		E9F6DFD903AA6AD0C3B22D7F /* Pods-Extension.debug.xcconfig */ = {isa = PBXFileReference; includeInIndex = 1; lastKnownFileType = text.xcconfig; name = "Pods-Extension.debug.xcconfig"; path = "Target Support Files/Pods-Extension/Pods-Extension.debug.xcconfig"; sourceTree = "<group>"; };
/* End PBXFileReference section */

/* Begin PBXFrameworksBuildPhase section */
		E759291B25FA6BE300363F6B /* Frameworks */ = {
			isa = PBXFrameworksBuildPhase;
			buildActionMask = 2147483647;
			files = (
				DC09C42C32B7030B69201634 /* Pods_Extension.framework in Frameworks */,
			);
			runOnlyForDeploymentPostprocessing = 0;
		};
/* End PBXFrameworksBuildPhase section */

/* Begin PBXGroup section */
		85F1422508AA6B9AFA2C6BA0 /* Frameworks */ = {
			isa = PBXGroup;
			children = (
				C8F1E5D1D91E4C4BAC842FD3 /* Pods_Extension.framework */,
			);
			name = Frameworks;
			sourceTree = "<group>";
		};
		E759291525FA6BE300363F6B = {
			isa = PBXGroup;
			children = (
				E759292025FA6BE300363F6B /* Extension */,
				E759291F25FA6BE300363F6B /* Products */,
				FFFD88170C47E144DA5602EF /* Pods */,
				85F1422508AA6B9AFA2C6BA0 /* Frameworks */,
			);
			sourceTree = "<group>";
		};
		E759291F25FA6BE300363F6B /* Products */ = {
			isa = PBXGroup;
			children = (
				E759291E25FA6BE300363F6B /* Extension.app */,
			);
			name = Products;
			sourceTree = "<group>";
		};
		E759292025FA6BE300363F6B /* Extension */ = {
			isa = PBXGroup;
			children = (
				E783D7B4262B4CE10028C3E0 /* Data */,
				E7802B28260A58BD00F7C44C /* AppDelegate */,
				E7802B29260A58D000F7C44C /* Controllers */,
				E7802B2A260A58DA00F7C44C /* Views */,
				E7802B2B260A58E700F7C44C /* AppEssential */,
				E774BFB126217B850045907A /* Imgur_Upload_API */,
				E774BFA9261F58520045907A /* appDsymsUpload */,
				E74B9BA12605018F00D68644 /* Global.swift */,
				E759293625FA6BFF00363F6B /* Extensions.swift */,
				E766A3652601A77200FD0961 /* Extension_Enum.swift */,
				E71B26C125FE9D23001AA5BB /* GradientView.swift */,
				E7802B43260BB22300F7C44C /* GradientButton.swift */,
				E7802B66260E280B00F7C44C /* APIManager.swift */,
				E7802B37260A644100F7C44C /* NetworkReachability.swift */,
				E738A53D262CC33000A76112 /* DesignableUITextField.swift */,
				E774BFAA261F59C60045907A /* Colors.plist */,
				E7802B2C260A593300F7C44C /* ApiManagerOLD */,
			);
			path = Extension;
			sourceTree = "<group>";
		};
		E774BFA9261F58520045907A /* appDsymsUpload */ = {
			isa = PBXGroup;
			children = (
				E774BFAD2620AFCA0045907A /* appDsysms.png */,
			);
			path = appDsymsUpload;
			sourceTree = "<group>";
		};
		E774BFB126217B850045907A /* Imgur_Upload_API */ = {
			isa = PBXGroup;
			children = (
				E774BFB226217BE00045907A /* imgurK.swift */,
			);
			path = Imgur_Upload_API;
			sourceTree = "<group>";
		};
		E7802B28260A58BD00F7C44C /* AppDelegate */ = {
			isa = PBXGroup;
			children = (
				E759292125FA6BE300363F6B /* AppDelegate.swift */,
				E759292325FA6BE300363F6B /* SceneDelegate.swift */,
			);
			path = AppDelegate;
			sourceTree = "<group>";
		};
		E7802B29260A58D000F7C44C /* Controllers */ = {
			isa = PBXGroup;
			children = (
				E759292525FA6BE300363F6B /* ViewController.swift */,
			);
			path = Controllers;
			sourceTree = "<group>";
		};
		E7802B2A260A58DA00F7C44C /* Views */ = {
			isa = PBXGroup;
			children = (
				E759292725FA6BE300363F6B /* Main.storyboard */,
			);
			path = Views;
			sourceTree = "<group>";
		};
		E7802B2B260A58E700F7C44C /* AppEssential */ = {
			isa = PBXGroup;
			children = (
				E759292A25FA6BE500363F6B /* Assets.xcassets */,
				E759292C25FA6BE500363F6B /* LaunchScreen.storyboard */,
				E759292F25FA6BE500363F6B /* Info.plist */,
			);
			path = AppEssential;
			sourceTree = "<group>";
		};
		E7802B2C260A593300F7C44C /* ApiManagerOLD */ = {
			isa = PBXGroup;
			children = (
				E7802B3B260BA5E200F7C44C /* APIManagerOld.swift */,
			);
			name = ApiManagerOLD;
			sourceTree = "<group>";
		};
		E783D7B4262B4CE10028C3E0 /* Data */ = {
			isa = PBXGroup;
			children = (
				E783D7B5262B4CE80028C3E0 /* Images */,
			);
			path = Data;
			sourceTree = "<group>";
		};
		E783D7B5262B4CE80028C3E0 /* Images */ = {
			isa = PBXGroup;
			children = (
				E783D7B7262B4CED0028C3E0 /* naveenPhotos.jpg */,
				E783D7B6262B4CED0028C3E0 /* 3.png */,
			);
			path = Images;
			sourceTree = "<group>";
		};
		FFFD88170C47E144DA5602EF /* Pods */ = {
			isa = PBXGroup;
			children = (
				E9F6DFD903AA6AD0C3B22D7F /* Pods-Extension.debug.xcconfig */,
				362C0C96959DB0EFD51E0628 /* Pods-Extension.release.xcconfig */,
			);
			path = Pods;
			sourceTree = "<group>";
		};
/* End PBXGroup section */

/* Begin PBXNativeTarget section */
		E759291D25FA6BE300363F6B /* Extension */ = {
			isa = PBXNativeTarget;
			buildConfigurationList = E759293225FA6BE500363F6B /* Build configuration list for PBXNativeTarget "Extension" */;
			buildPhases = (
				FD410CEAA6361955E21F96B1 /* [CP] Check Pods Manifest.lock */,
				E759291A25FA6BE300363F6B /* Sources */,
				E759291B25FA6BE300363F6B /* Frameworks */,
				E759291C25FA6BE300363F6B /* Resources */,
				68DEBF6BE3CCCEDE9B8B8ADD /* [CP] Embed Pods Frameworks */,
			);
			buildRules = (
			);
			dependencies = (
			);
			name = Extension;
			productName = Extension;
			productReference = E759291E25FA6BE300363F6B /* Extension.app */;
			productType = "com.apple.product-type.application";
		};
/* End PBXNativeTarget section */

/* Begin PBXProject section */
		E759291625FA6BE300363F6B /* Project object */ = {
			isa = PBXProject;
			attributes = {
				LastSwiftUpdateCheck = 1220;
				LastUpgradeCheck = 1220;
				TargetAttributes = {
					E759291D25FA6BE300363F6B = {
						CreatedOnToolsVersion = 12.2;
					};
				};
			};
			buildConfigurationList = E759291925FA6BE300363F6B /* Build configuration list for PBXProject "Extension" */;
			compatibilityVersion = "Xcode 9.3";
			developmentRegion = en;
			hasScannedForEncodings = 0;
			knownRegions = (
				en,
				Base,
			);
			mainGroup = E759291525FA6BE300363F6B;
			productRefGroup = E759291F25FA6BE300363F6B /* Products */;
			projectDirPath = "";
			projectRoot = "";
			targets = (
				E759291D25FA6BE300363F6B /* Extension */,
			);
		};
/* End PBXProject section */

/* Begin PBXResourcesBuildPhase section */
		E759291C25FA6BE300363F6B /* Resources */ = {
			isa = PBXResourcesBuildPhase;
			buildActionMask = 2147483647;
			files = (
				E759292E25FA6BE500363F6B /* LaunchScreen.storyboard in Resources */,
				E759292B25FA6BE500363F6B /* Assets.xcassets in Resources */,
				E774BFAE2620AFCA0045907A /* appDsysms.png in Resources */,
				E774BFAB261F59C60045907A /* Colors.plist in Resources */,
				E759292925FA6BE300363F6B /* Main.storyboard in Resources */,
			);
			runOnlyForDeploymentPostprocessing = 0;
		};
/* End PBXResourcesBuildPhase section */

/* Begin PBXShellScriptBuildPhase section */
		68DEBF6BE3CCCEDE9B8B8ADD /* [CP] Embed Pods Frameworks */ = {
			isa = PBXShellScriptBuildPhase;
			buildActionMask = 2147483647;
			files = (
			);
			inputFileListPaths = (
				"${PODS_ROOT}/Target Support Files/Pods-Extension/Pods-Extension-frameworks-${CONFIGURATION}-input-files.xcfilelist",
			);
			name = "[CP] Embed Pods Frameworks";
			outputFileListPaths = (
				"${PODS_ROOT}/Target Support Files/Pods-Extension/Pods-Extension-frameworks-${CONFIGURATION}-output-files.xcfilelist",
			);
			runOnlyForDeploymentPostprocessing = 0;
			shellPath = /bin/sh;
			shellScript = "\"${PODS_ROOT}/Target Support Files/Pods-Extension/Pods-Extension-frameworks.sh\"\n";
			showEnvVarsInLog = 0;
		};
		FD410CEAA6361955E21F96B1 /* [CP] Check Pods Manifest.lock */ = {
			isa = PBXShellScriptBuildPhase;
			buildActionMask = 2147483647;
			files = (
			);
			inputFileListPaths = (
			);
			inputPaths = (
				"${PODS_PODFILE_DIR_PATH}/Podfile.lock",
				"${PODS_ROOT}/Manifest.lock",
			);
			name = "[CP] Check Pods Manifest.lock";
			outputFileListPaths = (
			);
			outputPaths = (
				"$(DERIVED_FILE_DIR)/Pods-Extension-checkManifestLockResult.txt",
			);
			runOnlyForDeploymentPostprocessing = 0;
			shellPath = /bin/sh;
			shellScript = "diff \"${PODS_PODFILE_DIR_PATH}/Podfile.lock\" \"${PODS_ROOT}/Manifest.lock\" > /dev/null\nif [ $? != 0 ] ; then\n    # print error to STDERR\n    echo \"error: The sandbox is not in sync with the Podfile.lock. Run 'pod install' or update your CocoaPods installation.\" >&2\n    exit 1\nfi\n# This output is used by Xcode 'outputs' to avoid re-running this script phase.\necho \"SUCCESS\" > \"${SCRIPT_OUTPUT_FILE_0}\"\n";
			showEnvVarsInLog = 0;
		};
/* End PBXShellScriptBuildPhase section */

/* Begin PBXSourcesBuildPhase section */
		E759291A25FA6BE300363F6B /* Sources */ = {
			isa = PBXSourcesBuildPhase;
			buildActionMask = 2147483647;
			files = (
				E759292625FA6BE300363F6B /* ViewController.swift in Sources */,
				E7802B3C260BA5E200F7C44C /* APIManagerOld.swift in Sources */,
				E774BFB326217BE00045907A /* imgurK.swift in Sources */,
				E759292225FA6BE300363F6B /* AppDelegate.swift in Sources */,
				E71B26C225FE9D23001AA5BB /* GradientView.swift in Sources */,
				E7802B67260E280B00F7C44C /* APIManager.swift in Sources */,
				E759292425FA6BE300363F6B /* SceneDelegate.swift in Sources */,
				E7802B44260BB22300F7C44C /* GradientButton.swift in Sources */,
				E766A3662601A77200FD0961 /* Extension_Enum.swift in Sources */,
				E759293725FA6BFF00363F6B /* Extensions.swift in Sources */,
				E74B9BA22605018F00D68644 /* Global.swift in Sources */,
				E738A53E262CC33000A76112 /* DesignableUITextField.swift in Sources */,
				E7802B38260A644100F7C44C /* NetworkReachability.swift in Sources */,
			);
			runOnlyForDeploymentPostprocessing = 0;
		};
/* End PBXSourcesBuildPhase section */

/* Begin PBXVariantGroup section */
		E759292725FA6BE300363F6B /* Main.storyboard */ = {
			isa = PBXVariantGroup;
			children = (
				E759292825FA6BE300363F6B /* Base */,
			);
			name = Main.storyboard;
			sourceTree = "<group>";
		};
		E759292C25FA6BE500363F6B /* LaunchScreen.storyboard */ = {
			isa = PBXVariantGroup;
			children = (
				E759292D25FA6BE500363F6B /* Base */,
			);
			name = LaunchScreen.storyboard;
			sourceTree = "<group>";
		};
/* End PBXVariantGroup section */

/* Begin XCBuildConfiguration section */
		E759293025FA6BE500363F6B /* Debug */ = {
			isa = XCBuildConfiguration;
			buildSettings = {
				ALWAYS_SEARCH_USER_PATHS = NO;
				CLANG_ANALYZER_NONNULL = YES;
				CLANG_ANALYZER_NUMBER_OBJECT_CONVERSION = YES_AGGRESSIVE;
				CLANG_CXX_LANGUAGE_STANDARD = "gnu++14";
				CLANG_CXX_LIBRARY = "libc++";
				CLANG_ENABLE_MODULES = YES;
				CLANG_ENABLE_OBJC_ARC = YES;
				CLANG_ENABLE_OBJC_WEAK = YES;
				CLANG_WARN_BLOCK_CAPTURE_AUTORELEASING = YES;
				CLANG_WARN_BOOL_CONVERSION = YES;
				CLANG_WARN_COMMA = YES;
				CLANG_WARN_CONSTANT_CONVERSION = YES;
				CLANG_WARN_DEPRECATED_OBJC_IMPLEMENTATIONS = YES;
				CLANG_WARN_DIRECT_OBJC_ISA_USAGE = YES_ERROR;
				CLANG_WARN_DOCUMENTATION_COMMENTS = YES;
				CLANG_WARN_EMPTY_BODY = YES;
				CLANG_WARN_ENUM_CONVERSION = YES;
				CLANG_WARN_INFINITE_RECURSION = YES;
				CLANG_WARN_INT_CONVERSION = YES;
				CLANG_WARN_NON_LITERAL_NULL_CONVERSION = YES;
				CLANG_WARN_OBJC_IMPLICIT_RETAIN_SELF = YES;
				CLANG_WARN_OBJC_LITERAL_CONVERSION = YES;
				CLANG_WARN_OBJC_ROOT_CLASS = YES_ERROR;
				CLANG_WARN_QUOTED_INCLUDE_IN_FRAMEWORK_HEADER = YES;
				CLANG_WARN_RANGE_LOOP_ANALYSIS = YES;
				CLANG_WARN_STRICT_PROTOTYPES = YES;
				CLANG_WARN_SUSPICIOUS_MOVE = YES;
				CLANG_WARN_UNGUARDED_AVAILABILITY = YES_AGGRESSIVE;
				CLANG_WARN_UNREACHABLE_CODE = YES;
				CLANG_WARN__DUPLICATE_METHOD_MATCH = YES;
				COPY_PHASE_STRIP = NO;
				DEBUG_INFORMATION_FORMAT = dwarf;
				ENABLE_STRICT_OBJC_MSGSEND = YES;
				ENABLE_TESTABILITY = YES;
				GCC_C_LANGUAGE_STANDARD = gnu11;
				GCC_DYNAMIC_NO_PIC = NO;
				GCC_NO_COMMON_BLOCKS = YES;
				GCC_OPTIMIZATION_LEVEL = 0;
				GCC_PREPROCESSOR_DEFINITIONS = (
					"DEBUG=1",
					"$(inherited)",
				);
				GCC_WARN_64_TO_32_BIT_CONVERSION = YES;
				GCC_WARN_ABOUT_RETURN_TYPE = YES_ERROR;
				GCC_WARN_UNDECLARED_SELECTOR = YES;
				GCC_WARN_UNINITIALIZED_AUTOS = YES_AGGRESSIVE;
				GCC_WARN_UNUSED_FUNCTION = YES;
				GCC_WARN_UNUSED_VARIABLE = YES;
				IPHONEOS_DEPLOYMENT_TARGET = 14.2;
				MTL_ENABLE_DEBUG_INFO = INCLUDE_SOURCE;
				MTL_FAST_MATH = YES;
				ONLY_ACTIVE_ARCH = YES;
				SDKROOT = iphoneos;
				SWIFT_ACTIVE_COMPILATION_CONDITIONS = DEBUG;
				SWIFT_OPTIMIZATION_LEVEL = "-Onone";
			};
			name = Debug;
		};
		E759293125FA6BE500363F6B /* Release */ = {
			isa = XCBuildConfiguration;
			buildSettings = {
				ALWAYS_SEARCH_USER_PATHS = NO;
				CLANG_ANALYZER_NONNULL = YES;
				CLANG_ANALYZER_NUMBER_OBJECT_CONVERSION = YES_AGGRESSIVE;
				CLANG_CXX_LANGUAGE_STANDARD = "gnu++14";
				CLANG_CXX_LIBRARY = "libc++";
				CLANG_ENABLE_MODULES = YES;
				CLANG_ENABLE_OBJC_ARC = YES;
				CLANG_ENABLE_OBJC_WEAK = YES;
				CLANG_WARN_BLOCK_CAPTURE_AUTORELEASING = YES;
				CLANG_WARN_BOOL_CONVERSION = YES;
				CLANG_WARN_COMMA = YES;
				CLANG_WARN_CONSTANT_CONVERSION = YES;
				CLANG_WARN_DEPRECATED_OBJC_IMPLEMENTATIONS = YES;
				CLANG_WARN_DIRECT_OBJC_ISA_USAGE = YES_ERROR;
				CLANG_WARN_DOCUMENTATION_COMMENTS = YES;
				CLANG_WARN_EMPTY_BODY = YES;
				CLANG_WARN_ENUM_CONVERSION = YES;
				CLANG_WARN_INFINITE_RECURSION = YES;
				CLANG_WARN_INT_CONVERSION = YES;
				CLANG_WARN_NON_LITERAL_NULL_CONVERSION = YES;
				CLANG_WARN_OBJC_IMPLICIT_RETAIN_SELF = YES;
				CLANG_WARN_OBJC_LITERAL_CONVERSION = YES;
				CLANG_WARN_OBJC_ROOT_CLASS = YES_ERROR;
				CLANG_WARN_QUOTED_INCLUDE_IN_FRAMEWORK_HEADER = YES;
				CLANG_WARN_RANGE_LOOP_ANALYSIS = YES;
				CLANG_WARN_STRICT_PROTOTYPES = YES;
				CLANG_WARN_SUSPICIOUS_MOVE = YES;
				CLANG_WARN_UNGUARDED_AVAILABILITY = YES_AGGRESSIVE;
				CLANG_WARN_UNREACHABLE_CODE = YES;
				CLANG_WARN__DUPLICATE_METHOD_MATCH = YES;
				COPY_PHASE_STRIP = NO;
				DEBUG_INFORMATION_FORMAT = "dwarf-with-dsym";
				ENABLE_NS_ASSERTIONS = NO;
				ENABLE_STRICT_OBJC_MSGSEND = YES;
				GCC_C_LANGUAGE_STANDARD = gnu11;
				GCC_NO_COMMON_BLOCKS = YES;
				GCC_WARN_64_TO_32_BIT_CONVERSION = YES;
				GCC_WARN_ABOUT_RETURN_TYPE = YES_ERROR;
				GCC_WARN_UNDECLARED_SELECTOR = YES;
				GCC_WARN_UNINITIALIZED_AUTOS = YES_AGGRESSIVE;
				GCC_WARN_UNUSED_FUNCTION = YES;
				GCC_WARN_UNUSED_VARIABLE = YES;
				IPHONEOS_DEPLOYMENT_TARGET = 14.2;
				MTL_ENABLE_DEBUG_INFO = NO;
				MTL_FAST_MATH = YES;
				SDKROOT = iphoneos;
				SWIFT_COMPILATION_MODE = wholemodule;
				SWIFT_OPTIMIZATION_LEVEL = "-O";
				VALIDATE_PRODUCT = YES;
			};
			name = Release;
		};
		E759293325FA6BE500363F6B /* Debug */ = {
			isa = XCBuildConfiguration;
			baseConfigurationReference = E9F6DFD903AA6AD0C3B22D7F /* Pods-Extension.debug.xcconfig */;
			buildSettings = {
				ASSETCATALOG_COMPILER_APPICON_NAME = AppIcon;
				ASSETCATALOG_COMPILER_GLOBAL_ACCENT_COLOR_NAME = AccentColor;
				CODE_SIGN_STYLE = Automatic;
				DEVELOPMENT_TEAM = 2T7ZWU24QF;
				INFOPLIST_FILE = "$(SRCROOT)/Extension/AppEssential/Info.plist";
				LD_RUNPATH_SEARCH_PATHS = (
					"$(inherited)",
					"@executable_path/Frameworks",
				);
				PRODUCT_BUNDLE_IDENTIFIER = com.codewithnaveen.Extension;
				PRODUCT_NAME = "$(TARGET_NAME)";
				SWIFT_VERSION = 5.0;
				TARGETED_DEVICE_FAMILY = "1,2";
			};
			name = Debug;
		};
		E759293425FA6BE500363F6B /* Release */ = {
			isa = XCBuildConfiguration;
			baseConfigurationReference = 362C0C96959DB0EFD51E0628 /* Pods-Extension.release.xcconfig */;
			buildSettings = {
				ASSETCATALOG_COMPILER_APPICON_NAME = AppIcon;
				ASSETCATALOG_COMPILER_GLOBAL_ACCENT_COLOR_NAME = AccentColor;
				CODE_SIGN_STYLE = Automatic;
				DEVELOPMENT_TEAM = 2T7ZWU24QF;
				INFOPLIST_FILE = "$(SRCROOT)/Extension/AppEssential/Info.plist";
				LD_RUNPATH_SEARCH_PATHS = (
					"$(inherited)",
					"@executable_path/Frameworks",
				);
				PRODUCT_BUNDLE_IDENTIFIER = com.codewithnaveen.Extension;
				PRODUCT_NAME = "$(TARGET_NAME)";
				SWIFT_VERSION = 5.0;
				TARGETED_DEVICE_FAMILY = "1,2";
			};
			name = Release;
		};
/* End XCBuildConfiguration section */

/* Begin XCConfigurationList section */
		E759291925FA6BE300363F6B /* Build configuration list for PBXProject "Extension" */ = {
			isa = XCConfigurationList;
			buildConfigurations = (
				E759293025FA6BE500363F6B /* Debug */,
				E759293125FA6BE500363F6B /* Release */,
			);
			defaultConfigurationIsVisible = 0;
			defaultConfigurationName = Release;
		};
		E759293225FA6BE500363F6B /* Build configuration list for PBXNativeTarget "Extension" */ = {
			isa = XCConfigurationList;
			buildConfigurations = (
				E759293325FA6BE500363F6B /* Debug */,
				E759293425FA6BE500363F6B /* Release */,
			);
			defaultConfigurationIsVisible = 0;
			defaultConfigurationName = Release;
		};
/* End XCConfigurationList section */
	};
	rootObject = E759291625FA6BE300363F6B /* Project object */;
}
