// !$*UTF8*$!
{
	archiveVersion = 1;
	classes = {
	};
	objectVersion = 54;
	objects = {

/* Begin PBXBuildFile section */
		6B078A912695674900F67F1E /* Localizable.swift in Sources */ = {isa = PBXBuildFile; fileRef = 6B078A902695674900F67F1E /* Localizable.swift */; };
		6B078A9326958EAC00F67F1E /* OTPFieldView.swift in Sources */ = {isa = PBXBuildFile; fileRef = 6B078A9226958EAC00F67F1E /* OTPFieldView.swift */; };
		6B078A952695CECC00F67F1E /* WebViewController.swift in Sources */ = {isa = PBXBuildFile; fileRef = 6B078A942695CECC00F67F1E /* WebViewController.swift */; };
		6B078A972695D1C400F67F1E /* WebKit.swift in Sources */ = {isa = PBXBuildFile; fileRef = 6B078A962695D1C400F67F1E /* WebKit.swift */; };
		6B078A992695D33D00F67F1E /* help.html in Resources */ = {isa = PBXBuildFile; fileRef = 6B078A982695D33D00F67F1E /* help.html */; };
		6B078A9C2695E4E200F67F1E /* CalendarDateRangePickerViewController.swift in Sources */ = {isa = PBXBuildFile; fileRef = 6B078A9B2695E4E200F67F1E /* CalendarDateRangePickerViewController.swift */; };
		6B0A3A36271FCFC800C5440B /* MapVC.swift in Sources */ = {isa = PBXBuildFile; fileRef = 6B0A3A33271FCFC700C5440B /* MapVC.swift */; };
		6B0A3A37271FCFC800C5440B /* PlacesVC.swift in Sources */ = {isa = PBXBuildFile; fileRef = 6B0A3A34271FCFC700C5440B /* PlacesVC.swift */; };
		6B0A3A38271FCFC800C5440B /* LocationManager.swift in Sources */ = {isa = PBXBuildFile; fileRef = 6B0A3A35271FCFC800C5440B /* LocationManager.swift */; };
		6B0A3A3A271FD21D00C5440B /* GoogleService-Info.plist in Resources */ = {isa = PBXBuildFile; fileRef = 6B0A3A39271FD21D00C5440B /* GoogleService-Info.plist */; };
		6B10754E2956DCA100646F7B /* Screenshot 2022-12-24 at 12.35.20 PM.png in Resources */ = {isa = PBXBuildFile; fileRef = 6B10754C2956DCA100646F7B /* Screenshot 2022-12-24 at 12.35.20 PM.png */; };
		6B10754F2956DCA100646F7B /* Screenshot 2022-12-24 at 12.34.54 PM.png in Resources */ = {isa = PBXBuildFile; fileRef = 6B10754D2956DCA100646F7B /* Screenshot 2022-12-24 at 12.34.54 PM.png */; };
		6B1075512956DCC700646F7B /* AppIcon.swift in Sources */ = {isa = PBXBuildFile; fileRef = 6B1075502956DCC700646F7B /* AppIcon.swift */; };
		6B178E7F29F591CA00E8AB97 /* Screenshot 2023-04-23 at 9.29.04 PM.png in Resources */ = {isa = PBXBuildFile; fileRef = 6B178E7E29F591CA00E8AB97 /* Screenshot 2023-04-23 at 9.29.04 PM.png */; };
		6B18FCCD2AF61420001CE88D /* AudioRecording.swift in Sources */ = {isa = PBXBuildFile; fileRef = 6B18FCCC2AF6141F001CE88D /* AudioRecording.swift */; };
		6B199D382954BE8A0044B1F0 /* ImagePicker.swift in Sources */ = {isa = PBXBuildFile; fileRef = 6B199D372954BE8A0044B1F0 /* ImagePicker.swift */; };
		6B1F8C9026B97226006367FA /* TableViewCell.swift in Sources */ = {isa = PBXBuildFile; fileRef = 6B1F8C8F26B97226006367FA /* TableViewCell.swift */; };
		6B28C937271E6FB9001F9607 /* PostModel.swift in Sources */ = {isa = PBXBuildFile; fileRef = 6B28C934271E6FB9001F9607 /* PostModel.swift */; };
		6B28C938271E6FB9001F9607 /* Utility.swift in Sources */ = {isa = PBXBuildFile; fileRef = 6B28C935271E6FB9001F9607 /* Utility.swift */; };
		6B28C939271E6FB9001F9607 /* FirebaseManager.swift in Sources */ = {isa = PBXBuildFile; fileRef = 6B28C936271E6FB9001F9607 /* FirebaseManager.swift */; };
		6B3F0C0A272D8AC100B1C02F /* IQKeyboardManager.swift in Sources */ = {isa = PBXBuildFile; fileRef = 6B3F0C09272D8AC100B1C02F /* IQKeyboardManager.swift */; };
		6B4154E227071C80007516B1 /* ContactPicker&Message.swift in Sources */ = {isa = PBXBuildFile; fileRef = 6B4154E127071C80007516B1 /* ContactPicker&Message.swift */; };
		6B4730E429520D6B0094ED00 /* GoogleSignup.swift in Sources */ = {isa = PBXBuildFile; fileRef = 6B4730E329520D6B0094ED00 /* GoogleSignup.swift */; };
		6B47312D295224860094ED00 /* Onboarding.storyboard in Resources */ = {isa = PBXBuildFile; fileRef = 6B473129295224860094ED00 /* Onboarding.storyboard */; };
		6B47312E295224860094ED00 /* WalkthroughPageViewController.swift in Sources */ = {isa = PBXBuildFile; fileRef = 6B47312A295224860094ED00 /* WalkthroughPageViewController.swift */; };
		6B47312F295224860094ED00 /* WalkthroughContentViewController.swift in Sources */ = {isa = PBXBuildFile; fileRef = 6B47312B295224860094ED00 /* WalkthroughContentViewController.swift */; };
		6B473130295224860094ED00 /* WalkthroughViewController.swift in Sources */ = {isa = PBXBuildFile; fileRef = 6B47312C295224860094ED00 /* WalkthroughViewController.swift */; };
		6B4731382952263C0094ED00 /* ViewController.swift in Sources */ = {isa = PBXBuildFile; fileRef = 6B4731352952263B0094ED00 /* ViewController.swift */; };
		6B4731392952263C0094ED00 /* UserBioData.swift in Sources */ = {isa = PBXBuildFile; fileRef = 6B4731362952263C0094ED00 /* UserBioData.swift */; };
		6B47313A2952263C0094ED00 /* BioData.json in Resources */ = {isa = PBXBuildFile; fileRef = 6B4731372952263C0094ED00 /* BioData.json */; };
		6B47BFA42727007500F863F8 /* LocalNotification.swift in Sources */ = {isa = PBXBuildFile; fileRef = 6B47BFA32727007400F863F8 /* LocalNotification.swift */; };
		6B4B74C32697F86C00EC6A84 /* Failed.json in Resources */ = {isa = PBXBuildFile; fileRef = 6B4B74C22697F86B00EC6A84 /* Failed.json */; };
		6B4C7CE426B8FB9700275E7A /* FirstViewController.swift in Sources */ = {isa = PBXBuildFile; fileRef = 6B4C7CE326B8FB9700275E7A /* FirstViewController.swift */; };
		6B4C7CE626B9291900275E7A /* CountDownTimer.swift in Sources */ = {isa = PBXBuildFile; fileRef = 6B4C7CE526B9291900275E7A /* CountDownTimer.swift */; };
		6B4CBD0F2860185D00D14681 /* UserModel.swift in Sources */ = {isa = PBXBuildFile; fileRef = 6B4CBD0E2860185D00D14681 /* UserModel.swift */; };
		6B4CBD112860191F00D14681 /* AppManager.swift in Sources */ = {isa = PBXBuildFile; fileRef = 6B4CBD102860191F00D14681 /* AppManager.swift */; };
		6B6123852B0D1DA500C2B600 /* CustomTabBar.swift in Sources */ = {isa = PBXBuildFile; fileRef = 6B6123842B0D1DA500C2B600 /* CustomTabBar.swift */; };
		6B6123882B0D1DDB00C2B600 /* AppDelegate.swift in Sources */ = {isa = PBXBuildFile; fileRef = 6B6123872B0D1DDB00C2B600 /* AppDelegate.swift */; };
		6B61238B2B0D1E6400C2B600 /* SceneDelegate.swift in Sources */ = {isa = PBXBuildFile; fileRef = 6B61238A2B0D1E6400C2B600 /* SceneDelegate.swift */; };
		6B6A794C26994D4D00B92DA6 /* HomeViewController.swift in Sources */ = {isa = PBXBuildFile; fileRef = 6B6A794B26994D4D00B92DA6 /* HomeViewController.swift */; };
		6B6D645829A9B8870080E9D6 /* AppleSignup.swift in Sources */ = {isa = PBXBuildFile; fileRef = 6B6D645729A9B8870080E9D6 /* AppleSignup.swift */; };
		6B6D645B29A9BCB50080E9D6 /* ShareHelper.swift in Sources */ = {isa = PBXBuildFile; fileRef = 6B6D645A29A9BCB50080E9D6 /* ShareHelper.swift */; };
		6B6D645D29A9BCF10080E9D6 /* InstagramHelper.swift in Sources */ = {isa = PBXBuildFile; fileRef = 6B6D645C29A9BCF10080E9D6 /* InstagramHelper.swift */; };
		6B6D646429A9F0040080E9D6 /* GADRewarded.swift in Sources */ = {isa = PBXBuildFile; fileRef = 6B6D646329A9F0040080E9D6 /* GADRewarded.swift */; };
		6B6D646729A9F09B0080E9D6 /* IAPHelper.swift in Sources */ = {isa = PBXBuildFile; fileRef = 6B6D646629A9F09B0080E9D6 /* IAPHelper.swift */; };
		6B6D76B8296F11F300C4E152 /* MusicManager.swift in Sources */ = {isa = PBXBuildFile; fileRef = 6B6D76B7296F11F300C4E152 /* MusicManager.swift */; };
		6B70FA5D269541C6006659A8 /* Localizable.strings in Resources */ = {isa = PBXBuildFile; fileRef = 6B70FA5F269541C6006659A8 /* Localizable.strings */; };
		6B744A1A2773630D0067B90E /* SSL Invalid Certificate.swift in Sources */ = {isa = PBXBuildFile; fileRef = 6B744A192773630D0067B90E /* SSL Invalid Certificate.swift */; };
		6B858FB32721D44400FE8A0E /* PushNotification.swift in Sources */ = {isa = PBXBuildFile; fileRef = 6B858FB22721D44400FE8A0E /* PushNotification.swift */; };
		6B8F372F26FCC33B00B69E53 /* SideMenu.swift in Sources */ = {isa = PBXBuildFile; fileRef = 6B8F372E26FCC33B00B69E53 /* SideMenu.swift */; };
		6B8FD2FB295874FF00864AC1 /* zvoidwidget.swift in Sources */ = {isa = PBXBuildFile; fileRef = 6B8FD2FA295874FF00864AC1 /* zvoidwidget.swift */; };
		6B8FD300295875DC00864AC1 /* Screenshot 2022-12-25 at 5.36.29 PM.png in Resources */ = {isa = PBXBuildFile; fileRef = 6B8FD2FC295875DC00864AC1 /* Screenshot 2022-12-25 at 5.36.29 PM.png */; };
		6B8FD301295875DC00864AC1 /* Screenshot 2022-12-25 at 5.36.12 PM.png in Resources */ = {isa = PBXBuildFile; fileRef = 6B8FD2FD295875DC00864AC1 /* Screenshot 2022-12-25 at 5.36.12 PM.png */; };
		6B8FD302295875DC00864AC1 /* Screenshot 2022-12-25 at 5.37.41 PM.png in Resources */ = {isa = PBXBuildFile; fileRef = 6B8FD2FE295875DC00864AC1 /* Screenshot 2022-12-25 at 5.37.41 PM.png */; };
		6B8FD303295875DC00864AC1 /* Screenshot 2022-12-25 at 5.35.56 PM.png in Resources */ = {isa = PBXBuildFile; fileRef = 6B8FD2FF295875DC00864AC1 /* Screenshot 2022-12-25 at 5.35.56 PM.png */; };
		6BB476EC2896E9D5008F6173 /* BasicInfo.swift in Sources */ = {isa = PBXBuildFile; fileRef = 6BB476EA2896E9D5008F6173 /* BasicInfo.swift */; };
		6BB476ED2896E9D5008F6173 /* Model.swift in Sources */ = {isa = PBXBuildFile; fileRef = 6BB476EB2896E9D5008F6173 /* Model.swift */; };
		6BB476F02896EA22008F6173 /* HomeVC.swift in Sources */ = {isa = PBXBuildFile; fileRef = 6BB476EF2896EA22008F6173 /* HomeVC.swift */; };
		6BBB4D4B269458F400A18280 /* DateToolsSwift.swift in Sources */ = {isa = PBXBuildFile; fileRef = 6BBB4D4A269458F400A18280 /* DateToolsSwift.swift */; };
		6BC1B5E729177D2D0090001E /* CountryPickerVC.swift in Sources */ = {isa = PBXBuildFile; fileRef = 6BC1B5E629177D2D0090001E /* CountryPickerVC.swift */; };
		6BD64CB22691DE250091EB32 /* Poppins-Regular.otf in Resources */ = {isa = PBXBuildFile; fileRef = 6BD64CB02691DE250091EB32 /* Poppins-Regular.otf */; };
		6BD64CB32691DE250091EB32 /* Poppins-Medium.otf in Resources */ = {isa = PBXBuildFile; fileRef = 6BD64CB12691DE250091EB32 /* Poppins-Medium.otf */; };
		6BDB11B926BD793800AD32D5 /* SocketHelper.swift in Sources */ = {isa = PBXBuildFile; fileRef = 6BDB11B826BD793800AD32D5 /* SocketHelper.swift */; };
		6BE8126D268F6D5200A9BCBF /* giphy.gif in Resources */ = {isa = PBXBuildFile; fileRef = 6BE8126C268F6D5200A9BCBF /* giphy.gif */; };
		6BEADA9F2950C91400488120 /* ColorPicker.swift in Sources */ = {isa = PBXBuildFile; fileRef = 6BEADA9E2950C91400488120 /* ColorPicker.swift */; };
		6BEC999C272EB7C900BF642F /* TouchLock.swift in Sources */ = {isa = PBXBuildFile; fileRef = 6BEC999B272EB7C900BF642F /* TouchLock.swift */; };
		6BF48A7C29A1E0A1002FB405 /* FacebookLogin.swift in Sources */ = {isa = PBXBuildFile; fileRef = 6BF48A7B29A1E0A1002FB405 /* FacebookLogin.swift */; };
		6BF48A7E29A1E17F002FB405 /* Screenshot 2023-02-19 at 10.16.26 AM.png in Resources */ = {isa = PBXBuildFile; fileRef = 6BF48A7D29A1E17F002FB405 /* Screenshot 2023-02-19 at 10.16.26 AM.png */; };
		DC09C42C32B7030B69201634 /* Pods_Extension.framework in Frameworks */ = {isa = PBXBuildFile; fileRef = C8F1E5D1D91E4C4BAC842FD3 /* Pods_Extension.framework */; };
		E72ABF74265A18B5008CE6A7 /* APIConstant.swift in Sources */ = {isa = PBXBuildFile; fileRef = E72ABF71265A18B5008CE6A7 /* APIConstant.swift */; };
		E72ABF75265A18B5008CE6A7 /* GConstant.swift in Sources */ = {isa = PBXBuildFile; fileRef = E72ABF72265A18B5008CE6A7 /* GConstant.swift */; };
		E72ABF76265A18B5008CE6A7 /* GFunction.swift in Sources */ = {isa = PBXBuildFile; fileRef = E72ABF73265A18B5008CE6A7 /* GFunction.swift */; };
		E738A53E262CC33000A76112 /* DesignableUITextField.swift in Sources */ = {isa = PBXBuildFile; fileRef = E738A53D262CC33000A76112 /* DesignableUITextField.swift */; };
		E73E8BBC26613A0D00699CDD /* ShareBuildToClient.swift in Sources */ = {isa = PBXBuildFile; fileRef = E73E8BBB26613A0D00699CDD /* ShareBuildToClient.swift */; };
		E73E8C17266299D800699CDD /* Toast.swift in Sources */ = {isa = PBXBuildFile; fileRef = E73E8C16266299D800699CDD /* Toast.swift */; };
		E73E8C5B26637DD900699CDD /* MBProgessHUD.swift in Sources */ = {isa = PBXBuildFile; fileRef = E73E8C5A26637DD800699CDD /* MBProgessHUD.swift */; };
		E73E8C822663EA3800699CDD /* DropDown.swift in Sources */ = {isa = PBXBuildFile; fileRef = E73E8C812663EA3800699CDD /* DropDown.swift */; };
		E74B9BA22605018F00D68644 /* Global.swift in Sources */ = {isa = PBXBuildFile; fileRef = E74B9BA12605018F00D68644 /* Global.swift */; };
		E74C47C4264F9FF900B571B5 /* UIActivityIndicatorView.swift in Sources */ = {isa = PBXBuildFile; fileRef = E74C47C3264F9FF900B571B5 /* UIActivityIndicatorView.swift */; };
		E74C47DA2650F82600B571B5 /* PullToRefresh.swift in Sources */ = {isa = PBXBuildFile; fileRef = E74C47D92650F82600B571B5 /* PullToRefresh.swift */; };
		E74C47EA26516FAC00B571B5 /* UIView-Shimmer.swift in Sources */ = {isa = PBXBuildFile; fileRef = E74C47E926516FAC00B571B5 /* UIView-Shimmer.swift */; };
		E759292225FA6BE300363F6B /* AppDelegate.swift in Sources */ = {isa = PBXBuildFile; fileRef = E759292125FA6BE300363F6B /* AppDelegate.swift */; };
		E759292425FA6BE300363F6B /* SceneDelegate.swift in Sources */ = {isa = PBXBuildFile; fileRef = E759292325FA6BE300363F6B /* SceneDelegate.swift */; };
		E759292625FA6BE300363F6B /* ViewController.swift in Sources */ = {isa = PBXBuildFile; fileRef = E759292525FA6BE300363F6B /* ViewController.swift */; };
		E759292925FA6BE300363F6B /* Main.storyboard in Resources */ = {isa = PBXBuildFile; fileRef = E759292725FA6BE300363F6B /* Main.storyboard */; };
		E759292B25FA6BE500363F6B /* Assets.xcassets in Resources */ = {isa = PBXBuildFile; fileRef = E759292A25FA6BE500363F6B /* Assets.xcassets */; };
		E759292E25FA6BE500363F6B /* LaunchScreen.storyboard in Resources */ = {isa = PBXBuildFile; fileRef = E759292C25FA6BE500363F6B /* LaunchScreen.storyboard */; };
		E759293725FA6BFF00363F6B /* Extensions.swift in Sources */ = {isa = PBXBuildFile; fileRef = E759293625FA6BFF00363F6B /* Extensions.swift */; };
		E76114042636D1E80059F3AE /* DispatchQueue+Extensions.swift in Sources */ = {isa = PBXBuildFile; fileRef = E76114032636D1E80059F3AE /* DispatchQueue+Extensions.swift */; };
		E766A3662601A77200FD0961 /* Extension_Enum.swift in Sources */ = {isa = PBXBuildFile; fileRef = E766A3652601A77200FD0961 /* Extension_Enum.swift */; };
		E774BFAB261F59C60045907A /* Colors.plist in Resources */ = {isa = PBXBuildFile; fileRef = E774BFAA261F59C60045907A /* Colors.plist */; };
		E774BFAE2620AFCA0045907A /* appDsysms.png in Resources */ = {isa = PBXBuildFile; fileRef = E774BFAD2620AFCA0045907A /* appDsysms.png */; };
		E774BFB326217BE00045907A /* imgurK.swift in Sources */ = {isa = PBXBuildFile; fileRef = E774BFB226217BE00045907A /* imgurK.swift */; };
		E7793D5A265C1C4D00427CD4 /* CollectionViewReusableView.swift in Sources */ = {isa = PBXBuildFile; fileRef = E7793D59265C1C4D00427CD4 /* CollectionViewReusableView.swift */; };
		E7802B38260A644100F7C44C /* NetworkReachability.swift in Sources */ = {isa = PBXBuildFile; fileRef = E7802B37260A644100F7C44C /* NetworkReachability.swift */; };
		E7802B3C260BA5E200F7C44C /* APIManagerOld.swift in Sources */ = {isa = PBXBuildFile; fileRef = E7802B3B260BA5E200F7C44C /* APIManagerOld.swift */; };
		E7802B67260E280B00F7C44C /* APIManager.swift in Sources */ = {isa = PBXBuildFile; fileRef = E7802B66260E280B00F7C44C /* APIManager.swift */; };
		E7BF1E97266B58B8004D2FDF /* UserModel1.swift in Sources */ = {isa = PBXBuildFile; fileRef = E7BF1E96266B58B8004D2FDF /* UserModel1.swift */; };
		E7BF1E9A266B58E7004D2FDF /* AppManagerNew.swift in Sources */ = {isa = PBXBuildFile; fileRef = E7BF1E99266B58E7004D2FDF /* AppManagerNew.swift */; };
		E7BF1E9D266B590A004D2FDF /* Controller.swift in Sources */ = {isa = PBXBuildFile; fileRef = E7BF1E9C266B590A004D2FDF /* Controller.swift */; };
		E7DDA9682659756A00CD0496 /* UIActivityViewController.swift in Sources */ = {isa = PBXBuildFile; fileRef = E7DDA9672659756A00CD0496 /* UIActivityViewController.swift */; };
		E7F0C3CB266FC66E008681F6 /* Closure.swift in Sources */ = {isa = PBXBuildFile; fileRef = E7F0C3CA266FC66E008681F6 /* Closure.swift */; };
/* End PBXBuildFile section */

/* Begin PBXFileReference section */
		362C0C96959DB0EFD51E0628 /* Pods-Extension.release.xcconfig */ = {isa = PBXFileReference; includeInIndex = 1; lastKnownFileType = text.xcconfig; name = "Pods-Extension.release.xcconfig"; path = "Target Support Files/Pods-Extension/Pods-Extension.release.xcconfig"; sourceTree = "<group>"; };
		6B078A7926955CE100F67F1E /* th */ = {isa = PBXFileReference; lastKnownFileType = text.plist.strings; name = th; path = th.lproj/Localizable.strings; sourceTree = "<group>"; };
		6B078A8A2695637D00F67F1E /* th */ = {isa = PBXFileReference; lastKnownFileType = text.plist.strings; name = th; path = th.lproj/Main.strings; sourceTree = "<group>"; };
		6B078A8D269563D300F67F1E /* hi */ = {isa = PBXFileReference; lastKnownFileType = text.plist.strings; name = hi; path = hi.lproj/Main.strings; sourceTree = "<group>"; };
		6B078A8F269565DF00F67F1E /* en */ = {isa = PBXFileReference; lastKnownFileType = text.plist.strings; name = en; path = en.lproj/Main.strings; sourceTree = "<group>"; };
		6B078A902695674900F67F1E /* Localizable.swift */ = {isa = PBXFileReference; lastKnownFileType = sourcecode.swift; path = Localizable.swift; sourceTree = "<group>"; };
		6B078A9226958EAC00F67F1E /* OTPFieldView.swift */ = {isa = PBXFileReference; lastKnownFileType = sourcecode.swift; path = OTPFieldView.swift; sourceTree = "<group>"; };
		6B078A942695CECC00F67F1E /* WebViewController.swift */ = {isa = PBXFileReference; lastKnownFileType = sourcecode.swift; path = WebViewController.swift; sourceTree = "<group>"; };
		6B078A962695D1C400F67F1E /* WebKit.swift */ = {isa = PBXFileReference; lastKnownFileType = sourcecode.swift; path = WebKit.swift; sourceTree = "<group>"; };
		6B078A982695D33D00F67F1E /* help.html */ = {isa = PBXFileReference; lastKnownFileType = text.html; path = help.html; sourceTree = "<group>"; };
		6B078A9B2695E4E200F67F1E /* CalendarDateRangePickerViewController.swift */ = {isa = PBXFileReference; lastKnownFileType = sourcecode.swift; path = CalendarDateRangePickerViewController.swift; sourceTree = "<group>"; };
		6B0A3A33271FCFC700C5440B /* MapVC.swift */ = {isa = PBXFileReference; fileEncoding = 4; lastKnownFileType = sourcecode.swift; path = MapVC.swift; sourceTree = "<group>"; };
		6B0A3A34271FCFC700C5440B /* PlacesVC.swift */ = {isa = PBXFileReference; fileEncoding = 4; lastKnownFileType = sourcecode.swift; path = PlacesVC.swift; sourceTree = "<group>"; };
		6B0A3A35271FCFC800C5440B /* LocationManager.swift */ = {isa = PBXFileReference; fileEncoding = 4; lastKnownFileType = sourcecode.swift; path = LocationManager.swift; sourceTree = "<group>"; };
		6B0A3A39271FD21D00C5440B /* GoogleService-Info.plist */ = {isa = PBXFileReference; fileEncoding = 4; lastKnownFileType = text.plist.xml; path = "GoogleService-Info.plist"; sourceTree = "<group>"; };
		6B10754C2956DCA100646F7B /* Screenshot 2022-12-24 at 12.35.20 PM.png */ = {isa = PBXFileReference; lastKnownFileType = image.png; path = "Screenshot 2022-12-24 at 12.35.20 PM.png"; sourceTree = "<group>"; };
		6B10754D2956DCA100646F7B /* Screenshot 2022-12-24 at 12.34.54 PM.png */ = {isa = PBXFileReference; lastKnownFileType = image.png; path = "Screenshot 2022-12-24 at 12.34.54 PM.png"; sourceTree = "<group>"; };
		6B1075502956DCC700646F7B /* AppIcon.swift */ = {isa = PBXFileReference; lastKnownFileType = sourcecode.swift; path = AppIcon.swift; sourceTree = "<group>"; };
		6B178E7E29F591CA00E8AB97 /* Screenshot 2023-04-23 at 9.29.04 PM.png */ = {isa = PBXFileReference; lastKnownFileType = image.png; path = "Screenshot 2023-04-23 at 9.29.04 PM.png"; sourceTree = "<group>"; };
		6B18FCCC2AF6141F001CE88D /* AudioRecording.swift */ = {isa = PBXFileReference; fileEncoding = 4; lastKnownFileType = sourcecode.swift; path = AudioRecording.swift; sourceTree = "<group>"; };
		6B199D372954BE8A0044B1F0 /* ImagePicker.swift */ = {isa = PBXFileReference; lastKnownFileType = sourcecode.swift; path = ImagePicker.swift; sourceTree = "<group>"; };
		6B1F8C8F26B97226006367FA /* TableViewCell.swift */ = {isa = PBXFileReference; lastKnownFileType = sourcecode.swift; path = TableViewCell.swift; sourceTree = "<group>"; };
		6B28C934271E6FB9001F9607 /* PostModel.swift */ = {isa = PBXFileReference; fileEncoding = 4; lastKnownFileType = sourcecode.swift; path = PostModel.swift; sourceTree = "<group>"; };
		6B28C935271E6FB9001F9607 /* Utility.swift */ = {isa = PBXFileReference; fileEncoding = 4; lastKnownFileType = sourcecode.swift; path = Utility.swift; sourceTree = "<group>"; };
		6B28C936271E6FB9001F9607 /* FirebaseManager.swift */ = {isa = PBXFileReference; fileEncoding = 4; lastKnownFileType = sourcecode.swift; path = FirebaseManager.swift; sourceTree = "<group>"; };
		6B3F0C09272D8AC100B1C02F /* IQKeyboardManager.swift */ = {isa = PBXFileReference; lastKnownFileType = sourcecode.swift; path = IQKeyboardManager.swift; sourceTree = "<group>"; };
		6B4154E127071C80007516B1 /* ContactPicker&Message.swift */ = {isa = PBXFileReference; lastKnownFileType = sourcecode.swift; path = "ContactPicker&Message.swift"; sourceTree = "<group>"; };
		6B4730E329520D6B0094ED00 /* GoogleSignup.swift */ = {isa = PBXFileReference; lastKnownFileType = sourcecode.swift; path = GoogleSignup.swift; sourceTree = "<group>"; };
		6B473129295224860094ED00 /* Onboarding.storyboard */ = {isa = PBXFileReference; fileEncoding = 4; lastKnownFileType = file.storyboard; path = Onboarding.storyboard; sourceTree = "<group>"; };
		6B47312A295224860094ED00 /* WalkthroughPageViewController.swift */ = {isa = PBXFileReference; fileEncoding = 4; lastKnownFileType = sourcecode.swift; path = WalkthroughPageViewController.swift; sourceTree = "<group>"; };
		6B47312B295224860094ED00 /* WalkthroughContentViewController.swift */ = {isa = PBXFileReference; fileEncoding = 4; lastKnownFileType = sourcecode.swift; path = WalkthroughContentViewController.swift; sourceTree = "<group>"; };
		6B47312C295224860094ED00 /* WalkthroughViewController.swift */ = {isa = PBXFileReference; fileEncoding = 4; lastKnownFileType = sourcecode.swift; path = WalkthroughViewController.swift; sourceTree = "<group>"; };
		6B4731352952263B0094ED00 /* ViewController.swift */ = {isa = PBXFileReference; fileEncoding = 4; lastKnownFileType = sourcecode.swift; path = ViewController.swift; sourceTree = "<group>"; };
		6B4731362952263C0094ED00 /* UserBioData.swift */ = {isa = PBXFileReference; fileEncoding = 4; lastKnownFileType = sourcecode.swift; path = UserBioData.swift; sourceTree = "<group>"; };
		6B4731372952263C0094ED00 /* BioData.json */ = {isa = PBXFileReference; fileEncoding = 4; lastKnownFileType = text.json; path = BioData.json; sourceTree = "<group>"; };
		6B47BFA32727007400F863F8 /* LocalNotification.swift */ = {isa = PBXFileReference; fileEncoding = 4; lastKnownFileType = sourcecode.swift; path = LocalNotification.swift; sourceTree = "<group>"; };
		6B4B74C22697F86B00EC6A84 /* Failed.json */ = {isa = PBXFileReference; fileEncoding = 4; lastKnownFileType = text.json; path = Failed.json; sourceTree = "<group>"; };
		6B4C7CE326B8FB9700275E7A /* FirstViewController.swift */ = {isa = PBXFileReference; lastKnownFileType = sourcecode.swift; path = FirstViewController.swift; sourceTree = "<group>"; };
		6B4C7CE526B9291900275E7A /* CountDownTimer.swift */ = {isa = PBXFileReference; lastKnownFileType = sourcecode.swift; path = CountDownTimer.swift; sourceTree = "<group>"; };
		6B4CBD0E2860185D00D14681 /* UserModel.swift */ = {isa = PBXFileReference; fileEncoding = 4; lastKnownFileType = sourcecode.swift; path = UserModel.swift; sourceTree = "<group>"; };
		6B4CBD102860191F00D14681 /* AppManager.swift */ = {isa = PBXFileReference; fileEncoding = 4; lastKnownFileType = sourcecode.swift; path = AppManager.swift; sourceTree = "<group>"; };
		6B6123842B0D1DA500C2B600 /* CustomTabBar.swift */ = {isa = PBXFileReference; lastKnownFileType = sourcecode.swift; path = CustomTabBar.swift; sourceTree = "<group>"; };
		6B6123872B0D1DDB00C2B600 /* AppDelegate.swift */ = {isa = PBXFileReference; lastKnownFileType = sourcecode.swift; path = AppDelegate.swift; sourceTree = "<group>"; };
		6B61238A2B0D1E6400C2B600 /* SceneDelegate.swift */ = {isa = PBXFileReference; lastKnownFileType = sourcecode.swift; path = SceneDelegate.swift; sourceTree = "<group>"; };
		6B6A794B26994D4D00B92DA6 /* HomeViewController.swift */ = {isa = PBXFileReference; lastKnownFileType = sourcecode.swift; path = HomeViewController.swift; sourceTree = "<group>"; };
		6B6D645729A9B8870080E9D6 /* AppleSignup.swift */ = {isa = PBXFileReference; lastKnownFileType = sourcecode.swift; path = AppleSignup.swift; sourceTree = "<group>"; };
		6B6D645A29A9BCB50080E9D6 /* ShareHelper.swift */ = {isa = PBXFileReference; lastKnownFileType = sourcecode.swift; path = ShareHelper.swift; sourceTree = "<group>"; };
		6B6D645C29A9BCF10080E9D6 /* InstagramHelper.swift */ = {isa = PBXFileReference; lastKnownFileType = sourcecode.swift; path = InstagramHelper.swift; sourceTree = "<group>"; };
		6B6D646329A9F0040080E9D6 /* GADRewarded.swift */ = {isa = PBXFileReference; lastKnownFileType = sourcecode.swift; path = GADRewarded.swift; sourceTree = "<group>"; };
		6B6D646629A9F09B0080E9D6 /* IAPHelper.swift */ = {isa = PBXFileReference; lastKnownFileType = sourcecode.swift; path = IAPHelper.swift; sourceTree = "<group>"; };
		6B6D76B7296F11F300C4E152 /* MusicManager.swift */ = {isa = PBXFileReference; fileEncoding = 4; lastKnownFileType = sourcecode.swift; path = MusicManager.swift; sourceTree = "<group>"; };
		6B70FA5E269541C6006659A8 /* en */ = {isa = PBXFileReference; lastKnownFileType = text.plist.strings; name = en; path = en.lproj/Localizable.strings; sourceTree = "<group>"; };
		6B70FA6426954A66006659A8 /* hi */ = {isa = PBXFileReference; lastKnownFileType = text.plist.strings; name = hi; path = hi.lproj/Localizable.strings; sourceTree = "<group>"; };
		6B744A192773630D0067B90E /* SSL Invalid Certificate.swift */ = {isa = PBXFileReference; lastKnownFileType = sourcecode.swift; path = "SSL Invalid Certificate.swift"; sourceTree = "<group>"; };
		6B858FB22721D44400FE8A0E /* PushNotification.swift */ = {isa = PBXFileReference; fileEncoding = 4; lastKnownFileType = sourcecode.swift; path = PushNotification.swift; sourceTree = "<group>"; };
		6B8F372E26FCC33B00B69E53 /* SideMenu.swift */ = {isa = PBXFileReference; lastKnownFileType = sourcecode.swift; path = SideMenu.swift; sourceTree = "<group>"; };
		6B8FD2FA295874FF00864AC1 /* zvoidwidget.swift */ = {isa = PBXFileReference; lastKnownFileType = sourcecode.swift; path = zvoidwidget.swift; sourceTree = "<group>"; };
		6B8FD2FC295875DC00864AC1 /* Screenshot 2022-12-25 at 5.36.29 PM.png */ = {isa = PBXFileReference; lastKnownFileType = image.png; path = "Screenshot 2022-12-25 at 5.36.29 PM.png"; sourceTree = "<group>"; };
		6B8FD2FD295875DC00864AC1 /* Screenshot 2022-12-25 at 5.36.12 PM.png */ = {isa = PBXFileReference; lastKnownFileType = image.png; path = "Screenshot 2022-12-25 at 5.36.12 PM.png"; sourceTree = "<group>"; };
		6B8FD2FE295875DC00864AC1 /* Screenshot 2022-12-25 at 5.37.41 PM.png */ = {isa = PBXFileReference; lastKnownFileType = image.png; path = "Screenshot 2022-12-25 at 5.37.41 PM.png"; sourceTree = "<group>"; };
		6B8FD2FF295875DC00864AC1 /* Screenshot 2022-12-25 at 5.35.56 PM.png */ = {isa = PBXFileReference; lastKnownFileType = image.png; path = "Screenshot 2022-12-25 at 5.35.56 PM.png"; sourceTree = "<group>"; };
		6BB476EA2896E9D5008F6173 /* BasicInfo.swift */ = {isa = PBXFileReference; fileEncoding = 4; lastKnownFileType = sourcecode.swift; path = BasicInfo.swift; sourceTree = "<group>"; };
		6BB476EB2896E9D5008F6173 /* Model.swift */ = {isa = PBXFileReference; fileEncoding = 4; lastKnownFileType = sourcecode.swift; path = Model.swift; sourceTree = "<group>"; };
		6BB476EF2896EA22008F6173 /* HomeVC.swift */ = {isa = PBXFileReference; fileEncoding = 4; lastKnownFileType = sourcecode.swift; path = HomeVC.swift; sourceTree = "<group>"; };
		6BBB4D4A269458F400A18280 /* DateToolsSwift.swift */ = {isa = PBXFileReference; lastKnownFileType = sourcecode.swift; path = DateToolsSwift.swift; sourceTree = "<group>"; };
		6BC1B5E629177D2D0090001E /* CountryPickerVC.swift */ = {isa = PBXFileReference; fileEncoding = 4; lastKnownFileType = sourcecode.swift; path = CountryPickerVC.swift; sourceTree = "<group>"; };
		6BD64CB02691DE250091EB32 /* Poppins-Regular.otf */ = {isa = PBXFileReference; lastKnownFileType = file; path = "Poppins-Regular.otf"; sourceTree = "<group>"; };
		6BD64CB12691DE250091EB32 /* Poppins-Medium.otf */ = {isa = PBXFileReference; lastKnownFileType = file; path = "Poppins-Medium.otf"; sourceTree = "<group>"; };
		6BDB11B826BD793800AD32D5 /* SocketHelper.swift */ = {isa = PBXFileReference; fileEncoding = 4; lastKnownFileType = sourcecode.swift; path = SocketHelper.swift; sourceTree = "<group>"; };
		6BE8126C268F6D5200A9BCBF /* giphy.gif */ = {isa = PBXFileReference; lastKnownFileType = image.gif; path = giphy.gif; sourceTree = "<group>"; };
		6BEADA9E2950C91400488120 /* ColorPicker.swift */ = {isa = PBXFileReference; lastKnownFileType = sourcecode.swift; path = ColorPicker.swift; sourceTree = "<group>"; };
		6BEC999B272EB7C900BF642F /* TouchLock.swift */ = {isa = PBXFileReference; lastKnownFileType = sourcecode.swift; path = TouchLock.swift; sourceTree = "<group>"; };
		6BF48A7B29A1E0A1002FB405 /* FacebookLogin.swift */ = {isa = PBXFileReference; lastKnownFileType = sourcecode.swift; path = FacebookLogin.swift; sourceTree = "<group>"; };
		6BF48A7D29A1E17F002FB405 /* Screenshot 2023-02-19 at 10.16.26 AM.png */ = {isa = PBXFileReference; lastKnownFileType = image.png; path = "Screenshot 2023-02-19 at 10.16.26 AM.png"; sourceTree = "<group>"; };
		C8F1E5D1D91E4C4BAC842FD3 /* Pods_Extension.framework */ = {isa = PBXFileReference; explicitFileType = wrapper.framework; includeInIndex = 0; path = Pods_Extension.framework; sourceTree = BUILT_PRODUCTS_DIR; };
		E72ABF71265A18B5008CE6A7 /* APIConstant.swift */ = {isa = PBXFileReference; fileEncoding = 4; lastKnownFileType = sourcecode.swift; path = APIConstant.swift; sourceTree = "<group>"; };
		E72ABF72265A18B5008CE6A7 /* GConstant.swift */ = {isa = PBXFileReference; fileEncoding = 4; lastKnownFileType = sourcecode.swift; path = GConstant.swift; sourceTree = "<group>"; };
		E72ABF73265A18B5008CE6A7 /* GFunction.swift */ = {isa = PBXFileReference; fileEncoding = 4; lastKnownFileType = sourcecode.swift; path = GFunction.swift; sourceTree = "<group>"; };
		E738A53D262CC33000A76112 /* DesignableUITextField.swift */ = {isa = PBXFileReference; lastKnownFileType = sourcecode.swift; path = DesignableUITextField.swift; sourceTree = "<group>"; };
		E73E8BBB26613A0D00699CDD /* ShareBuildToClient.swift */ = {isa = PBXFileReference; lastKnownFileType = sourcecode.swift; path = ShareBuildToClient.swift; sourceTree = "<group>"; };
		E73E8C16266299D800699CDD /* Toast.swift */ = {isa = PBXFileReference; lastKnownFileType = sourcecode.swift; path = Toast.swift; sourceTree = "<group>"; };
		E73E8C5A26637DD800699CDD /* MBProgessHUD.swift */ = {isa = PBXFileReference; lastKnownFileType = sourcecode.swift; path = MBProgessHUD.swift; sourceTree = "<group>"; };
		E73E8C812663EA3800699CDD /* DropDown.swift */ = {isa = PBXFileReference; lastKnownFileType = sourcecode.swift; path = DropDown.swift; sourceTree = "<group>"; };
		E74B9BA12605018F00D68644 /* Global.swift */ = {isa = PBXFileReference; lastKnownFileType = sourcecode.swift; path = Global.swift; sourceTree = "<group>"; };
		E74C47C3264F9FF900B571B5 /* UIActivityIndicatorView.swift */ = {isa = PBXFileReference; lastKnownFileType = sourcecode.swift; path = UIActivityIndicatorView.swift; sourceTree = "<group>"; };
		E74C47D92650F82600B571B5 /* PullToRefresh.swift */ = {isa = PBXFileReference; lastKnownFileType = sourcecode.swift; path = PullToRefresh.swift; sourceTree = "<group>"; };
		E74C47E926516FAC00B571B5 /* UIView-Shimmer.swift */ = {isa = PBXFileReference; lastKnownFileType = sourcecode.swift; path = "UIView-Shimmer.swift"; sourceTree = "<group>"; };
		E759291E25FA6BE300363F6B /* Extension.app */ = {isa = PBXFileReference; explicitFileType = wrapper.application; includeInIndex = 0; path = Extension.app; sourceTree = BUILT_PRODUCTS_DIR; };
		E759292125FA6BE300363F6B /* AppDelegate.swift */ = {isa = PBXFileReference; lastKnownFileType = sourcecode.swift; path = AppDelegate.swift; sourceTree = "<group>"; };
		E759292325FA6BE300363F6B /* SceneDelegate.swift */ = {isa = PBXFileReference; lastKnownFileType = sourcecode.swift; path = SceneDelegate.swift; sourceTree = "<group>"; };
		E759292525FA6BE300363F6B /* ViewController.swift */ = {isa = PBXFileReference; lastKnownFileType = sourcecode.swift; path = ViewController.swift; sourceTree = "<group>"; };
		E759292825FA6BE300363F6B /* Base */ = {isa = PBXFileReference; lastKnownFileType = file.storyboard; name = Base; path = Base.lproj/Main.storyboard; sourceTree = "<group>"; };
		E759292A25FA6BE500363F6B /* Assets.xcassets */ = {isa = PBXFileReference; lastKnownFileType = folder.assetcatalog; path = Assets.xcassets; sourceTree = "<group>"; };
		E759292D25FA6BE500363F6B /* Base */ = {isa = PBXFileReference; lastKnownFileType = file.storyboard; name = Base; path = Base.lproj/LaunchScreen.storyboard; sourceTree = "<group>"; };
		E759292F25FA6BE500363F6B /* Info.plist */ = {isa = PBXFileReference; lastKnownFileType = text.plist.xml; path = Info.plist; sourceTree = "<group>"; };
		E759293625FA6BFF00363F6B /* Extensions.swift */ = {isa = PBXFileReference; lastKnownFileType = sourcecode.swift; path = Extensions.swift; sourceTree = "<group>"; };
		E76114032636D1E80059F3AE /* DispatchQueue+Extensions.swift */ = {isa = PBXFileReference; lastKnownFileType = sourcecode.swift; path = "DispatchQueue+Extensions.swift"; sourceTree = "<group>"; };
		E766A3652601A77200FD0961 /* Extension_Enum.swift */ = {isa = PBXFileReference; lastKnownFileType = sourcecode.swift; path = Extension_Enum.swift; sourceTree = "<group>"; };
		E774BFAA261F59C60045907A /* Colors.plist */ = {isa = PBXFileReference; lastKnownFileType = text.plist.xml; path = Colors.plist; sourceTree = "<group>"; };
		E774BFAD2620AFCA0045907A /* appDsysms.png */ = {isa = PBXFileReference; lastKnownFileType = image.png; path = appDsysms.png; sourceTree = "<group>"; };
		E774BFB226217BE00045907A /* imgurK.swift */ = {isa = PBXFileReference; lastKnownFileType = sourcecode.swift; path = imgurK.swift; sourceTree = "<group>"; };
		E7793D59265C1C4D00427CD4 /* CollectionViewReusableView.swift */ = {isa = PBXFileReference; lastKnownFileType = sourcecode.swift; path = CollectionViewReusableView.swift; sourceTree = "<group>"; };
		E7802B37260A644100F7C44C /* NetworkReachability.swift */ = {isa = PBXFileReference; lastKnownFileType = sourcecode.swift; path = NetworkReachability.swift; sourceTree = "<group>"; };
		E7802B3B260BA5E200F7C44C /* APIManagerOld.swift */ = {isa = PBXFileReference; lastKnownFileType = sourcecode.swift; path = APIManagerOld.swift; sourceTree = "<group>"; };
		E7802B66260E280B00F7C44C /* APIManager.swift */ = {isa = PBXFileReference; lastKnownFileType = sourcecode.swift; path = APIManager.swift; sourceTree = "<group>"; };
		E783D7B6262B4CED0028C3E0 /* 3.png */ = {isa = PBXFileReference; lastKnownFileType = image.png; path = 3.png; sourceTree = "<group>"; };
		E783D7B7262B4CED0028C3E0 /* naveenPhotos.jpg */ = {isa = PBXFileReference; lastKnownFileType = image.jpeg; path = naveenPhotos.jpg; sourceTree = "<group>"; };
		E7BF1E96266B58B8004D2FDF /* UserModel1.swift */ = {isa = PBXFileReference; lastKnownFileType = sourcecode.swift; path = UserModel1.swift; sourceTree = "<group>"; };
		E7BF1E99266B58E7004D2FDF /* AppManagerNew.swift */ = {isa = PBXFileReference; lastKnownFileType = sourcecode.swift; path = AppManagerNew.swift; sourceTree = "<group>"; };
		E7BF1E9C266B590A004D2FDF /* Controller.swift */ = {isa = PBXFileReference; lastKnownFileType = sourcecode.swift; path = Controller.swift; sourceTree = "<group>"; };
		E7DDA9672659756A00CD0496 /* UIActivityViewController.swift */ = {isa = PBXFileReference; lastKnownFileType = sourcecode.swift; path = UIActivityViewController.swift; sourceTree = "<group>"; };
		E7F0C3CA266FC66E008681F6 /* Closure.swift */ = {isa = PBXFileReference; lastKnownFileType = sourcecode.swift; path = Closure.swift; sourceTree = "<group>"; };
		E9F6DFD903AA6AD0C3B22D7F /* Pods-Extension.debug.xcconfig */ = {isa = PBXFileReference; includeInIndex = 1; lastKnownFileType = text.xcconfig; name = "Pods-Extension.debug.xcconfig"; path = "Target Support Files/Pods-Extension/Pods-Extension.debug.xcconfig"; sourceTree = "<group>"; };
/* End PBXFileReference section */

/* Begin PBXFrameworksBuildPhase section */
		E759291B25FA6BE300363F6B /* Frameworks */ = {
			isa = PBXFrameworksBuildPhase;
			buildActionMask = 2147483647;
			files = (
				DC09C42C32B7030B69201634 /* Pods_Extension.framework in Frameworks */,
			);
			runOnlyForDeploymentPostprocessing = 0;
		};
/* End PBXFrameworksBuildPhase section */

/* Begin PBXGroup section */
		6B078A9A2695D34500F67F1E /* HTML */ = {
			isa = PBXGroup;
			children = (
				6B078A982695D33D00F67F1E /* help.html */,
			);
			path = HTML;
			sourceTree = "<group>";
		};
		6B0A3A32271FCF8300C5440B /* LocationManager */ = {
			isa = PBXGroup;
			children = (
				6B0A3A35271FCFC800C5440B /* LocationManager.swift */,
				6B0A3A33271FCFC700C5440B /* MapVC.swift */,
				6B0A3A34271FCFC700C5440B /* PlacesVC.swift */,
			);
			path = LocationManager;
			sourceTree = "<group>";
		};
		6B10754B2956DC7E00646F7B /* AppIconChanged */ = {
			isa = PBXGroup;
			children = (
				6B10754D2956DCA100646F7B /* Screenshot 2022-12-24 at 12.34.54 PM.png */,
				6B10754C2956DCA100646F7B /* Screenshot 2022-12-24 at 12.35.20 PM.png */,
				6B1075502956DCC700646F7B /* AppIcon.swift */,
			);
			path = AppIconChanged;
			sourceTree = "<group>";
		};
		6B28C933271E6F78001F9607 /* FirebaseManager */ = {
			isa = PBXGroup;
			children = (
				6B28C936271E6FB9001F9607 /* FirebaseManager.swift */,
				6B28C934271E6FB9001F9607 /* PostModel.swift */,
				6B28C935271E6FB9001F9607 /* Utility.swift */,
			);
			path = FirebaseManager;
			sourceTree = "<group>";
		};
		6B4730E529520D6F0094ED00 /* SocialMediaLogin */ = {
			isa = PBXGroup;
			children = (
				6B6D645729A9B8870080E9D6 /* AppleSignup.swift */,
				6B4730E329520D6B0094ED00 /* GoogleSignup.swift */,
				6BF48A8029A1E195002FB405 /* FacebookLogin */,
			);
			path = SocialMediaLogin;
			sourceTree = "<group>";
		};
		6B473128295224520094ED00 /* Walkthrough */ = {
			isa = PBXGroup;
			children = (
				6B473129295224860094ED00 /* Onboarding.storyboard */,
				6B47312C295224860094ED00 /* WalkthroughViewController.swift */,
				6B47312B295224860094ED00 /* WalkthroughContentViewController.swift */,
				6B47312A295224860094ED00 /* WalkthroughPageViewController.swift */,
			);
			path = Walkthrough;
			sourceTree = "<group>";
		};
		6B473134295226030094ED00 /* ParseJson */ = {
			isa = PBXGroup;
			children = (
				6B4731372952263C0094ED00 /* BioData.json */,
				6B4731362952263C0094ED00 /* UserBioData.swift */,
				6B4731352952263B0094ED00 /* ViewController.swift */,
			);
			path = ParseJson;
			sourceTree = "<group>";
		};
		6B6123862B0D1DAA00C2B600 /* CustomTabbar */ = {
			isa = PBXGroup;
			children = (
				6B6123842B0D1DA500C2B600 /* CustomTabBar.swift */,
				6B6123892B0D1E1D00C2B600 /* StylistApp */,
			);
			path = CustomTabbar;
			sourceTree = "<group>";
		};
		6B6123892B0D1E1D00C2B600 /* StylistApp */ = {
			isa = PBXGroup;
			children = (
				6B6123872B0D1DDB00C2B600 /* AppDelegate.swift */,
				6B61238A2B0D1E6400C2B600 /* SceneDelegate.swift */,
			);
			path = StylistApp;
			sourceTree = "<group>";
		};
		6B6D645E29A9BEEA0080E9D6 /* SocialMediaShare */ = {
			isa = PBXGroup;
			children = (
				6B6D645A29A9BCB50080E9D6 /* ShareHelper.swift */,
				6B6D645C29A9BCF10080E9D6 /* InstagramHelper.swift */,
			);
			path = SocialMediaShare;
			sourceTree = "<group>";
		};
		6B6D646529A9F0090080E9D6 /* Admob Rewarded */ = {
			isa = PBXGroup;
			children = (
				6B6D646329A9F0040080E9D6 /* GADRewarded.swift */,
			);
			path = "Admob Rewarded";
			sourceTree = "<group>";
		};
		6B8FD2F7295874B300864AC1 /* Widget */ = {
			isa = PBXGroup;
			children = (
				6B8FD2FF295875DC00864AC1 /* Screenshot 2022-12-25 at 5.35.56 PM.png */,
				6B8FD2FD295875DC00864AC1 /* Screenshot 2022-12-25 at 5.36.12 PM.png */,
				6B8FD2FC295875DC00864AC1 /* Screenshot 2022-12-25 at 5.36.29 PM.png */,
				6B8FD2FE295875DC00864AC1 /* Screenshot 2022-12-25 at 5.37.41 PM.png */,
				6B8FD2FA295874FF00864AC1 /* zvoidwidget.swift */,
			);
			path = Widget;
			sourceTree = "<group>";
		};
		6BB476EE2896E9DC008F6173 /* JSON */ = {
			isa = PBXGroup;
			children = (
				6BB476EA2896E9D5008F6173 /* BasicInfo.swift */,
				6BB476EB2896E9D5008F6173 /* Model.swift */,
				6BB476EF2896EA22008F6173 /* HomeVC.swift */,
			);
			path = JSON;
			sourceTree = "<group>";
		};
		6BD64CAF2691DDB70091EB32 /* Fonts */ = {
			isa = PBXGroup;
			children = (
				6BD64CB12691DE250091EB32 /* Poppins-Medium.otf */,
				6BD64CB02691DE250091EB32 /* Poppins-Regular.otf */,
			);
			path = Fonts;
			sourceTree = "<group>";
		};
		6BE8126B268F6D4200A9BCBF /* gifs */ = {
			isa = PBXGroup;
			children = (
				6BE8126C268F6D5200A9BCBF /* giphy.gif */,
			);
			path = gifs;
			sourceTree = "<group>";
		};
		6BF48A8029A1E195002FB405 /* FacebookLogin */ = {
			isa = PBXGroup;
			children = (
				6BF48A7B29A1E0A1002FB405 /* FacebookLogin.swift */,
				6BF48A7D29A1E17F002FB405 /* Screenshot 2023-02-19 at 10.16.26 AM.png */,
			);
			path = FacebookLogin;
			sourceTree = "<group>";
		};
		85F1422508AA6B9AFA2C6BA0 /* Frameworks */ = {
			isa = PBXGroup;
			children = (
				C8F1E5D1D91E4C4BAC842FD3 /* Pods_Extension.framework */,
			);
			name = Frameworks;
			sourceTree = "<group>";
		};
		E759291525FA6BE300363F6B = {
			isa = PBXGroup;
			children = (
				E759292025FA6BE300363F6B /* Extension */,
				E759291F25FA6BE300363F6B /* Products */,
				FFFD88170C47E144DA5602EF /* Pods */,
				85F1422508AA6B9AFA2C6BA0 /* Frameworks */,
			);
			sourceTree = "<group>";
		};
		E759291F25FA6BE300363F6B /* Products */ = {
			isa = PBXGroup;
			children = (
				E759291E25FA6BE300363F6B /* Extension.app */,
			);
			name = Products;
			sourceTree = "<group>";
		};
		E759292025FA6BE300363F6B /* Extension */ = {
			isa = PBXGroup;
			children = (
				E7BF1E93266B5894004D2FDF /* SwiftyJSON */,
				E783D7B4262B4CE10028C3E0 /* Data */,
				E7802B28260A58BD00F7C44C /* AppDelegate */,
				E7802B29260A58D000F7C44C /* Controllers */,
				E7802B2A260A58DA00F7C44C /* Views */,
				E7802B2B260A58E700F7C44C /* AppEssential */,
				6B70FA5F269541C6006659A8 /* Localizable.strings */,
				E774BFB126217B850045907A /* Imgur_Upload_API */,
				6B0A3A32271FCF8300C5440B /* LocationManager */,
				6B28C933271E6F78001F9607 /* FirebaseManager */,
				6BD64CAF2691DDB70091EB32 /* Fonts */,
				6BB476EE2896E9DC008F6173 /* JSON */,
				6B4730E529520D6F0094ED00 /* SocialMediaLogin */,
				6B6D645E29A9BEEA0080E9D6 /* SocialMediaShare */,
				E774BFA9261F58520045907A /* appDsymsUpload */,
				6B473128295224520094ED00 /* Walkthrough */,
				6B10754B2956DC7E00646F7B /* AppIconChanged */,
				6B8FD2F7295874B300864AC1 /* Widget */,
				6B6D646529A9F0090080E9D6 /* Admob Rewarded */,
				6B473134295226030094ED00 /* ParseJson */,
				6B4CBD0E2860185D00D14681 /* UserModel.swift */,
				6B4CBD102860191F00D14681 /* AppManager.swift */,
				E74B9BA12605018F00D68644 /* Global.swift */,
				E759293625FA6BFF00363F6B /* Extensions.swift */,
				E766A3652601A77200FD0961 /* Extension_Enum.swift */,
				E7802B37260A644100F7C44C /* NetworkReachability.swift */,
				E72ABF71265A18B5008CE6A7 /* APIConstant.swift */,
				E72ABF72265A18B5008CE6A7 /* GConstant.swift */,
				E72ABF73265A18B5008CE6A7 /* GFunction.swift */,
				E7802B66260E280B00F7C44C /* APIManager.swift */,
				E73E8BBB26613A0D00699CDD /* ShareBuildToClient.swift */,
				E738A53D262CC33000A76112 /* DesignableUITextField.swift */,
				E76114032636D1E80059F3AE /* DispatchQueue+Extensions.swift */,
				E74C47C3264F9FF900B571B5 /* UIActivityIndicatorView.swift */,
				E74C47D92650F82600B571B5 /* PullToRefresh.swift */,
				E74C47E926516FAC00B571B5 /* UIView-Shimmer.swift */,
				E7DDA9672659756A00CD0496 /* UIActivityViewController.swift */,
				E7793D59265C1C4D00427CD4 /* CollectionViewReusableView.swift */,
				E73E8C16266299D800699CDD /* Toast.swift */,
				E73E8C5A26637DD800699CDD /* MBProgessHUD.swift */,
				E73E8C812663EA3800699CDD /* DropDown.swift */,
				E7F0C3CA266FC66E008681F6 /* Closure.swift */,
				6BBB4D4A269458F400A18280 /* DateToolsSwift.swift */,
				6B078A902695674900F67F1E /* Localizable.swift */,
				6B078A9226958EAC00F67F1E /* OTPFieldView.swift */,
				6B078A962695D1C400F67F1E /* WebKit.swift */,
				6B078A9B2695E4E200F67F1E /* CalendarDateRangePickerViewController.swift */,
				6B4C7CE526B9291900275E7A /* CountDownTimer.swift */,
				6BDB11B826BD793800AD32D5 /* SocketHelper.swift */,
				6B8F372E26FCC33B00B69E53 /* SideMenu.swift */,
				6B4154E127071C80007516B1 /* ContactPicker&Message.swift */,
				6B858FB22721D44400FE8A0E /* PushNotification.swift */,
				6B47BFA32727007400F863F8 /* LocalNotification.swift */,
				6B3F0C09272D8AC100B1C02F /* IQKeyboardManager.swift */,
				6BEC999B272EB7C900BF642F /* TouchLock.swift */,
				6B744A192773630D0067B90E /* SSL Invalid Certificate.swift */,
				6BC1B5E629177D2D0090001E /* CountryPickerVC.swift */,
				6BEADA9E2950C91400488120 /* ColorPicker.swift */,
				6B199D372954BE8A0044B1F0 /* ImagePicker.swift */,
				6B18FCCC2AF6141F001CE88D /* AudioRecording.swift */,
				6B6D646629A9F09B0080E9D6 /* IAPHelper.swift */,
				6B6D76B7296F11F300C4E152 /* MusicManager.swift */,
				6B6123862B0D1DAA00C2B600 /* CustomTabbar */,
				6B078A9A2695D34500F67F1E /* HTML */,
				E774BFAA261F59C60045907A /* Colors.plist */,
				E7802B2C260A593300F7C44C /* ApiManagerOLD */,
			);
			path = Extension;
			sourceTree = "<group>";
		};
		E774BFA9261F58520045907A /* appDsymsUpload */ = {
			isa = PBXGroup;
			children = (
				E774BFAD2620AFCA0045907A /* appDsysms.png */,
			);
			path = appDsymsUpload;
			sourceTree = "<group>";
		};
		E774BFB126217B850045907A /* Imgur_Upload_API */ = {
			isa = PBXGroup;
			children = (
				6BE8126B268F6D4200A9BCBF /* gifs */,
				E774BFB226217BE00045907A /* imgurK.swift */,
			);
			path = Imgur_Upload_API;
			sourceTree = "<group>";
		};
		E7802B28260A58BD00F7C44C /* AppDelegate */ = {
			isa = PBXGroup;
			children = (
				E759292125FA6BE300363F6B /* AppDelegate.swift */,
				E759292325FA6BE300363F6B /* SceneDelegate.swift */,
			);
			path = AppDelegate;
			sourceTree = "<group>";
		};
		E7802B29260A58D000F7C44C /* Controllers */ = {
			isa = PBXGroup;
			children = (
				E759292525FA6BE300363F6B /* ViewController.swift */,
				6B4C7CE326B8FB9700275E7A /* FirstViewController.swift */,
				6B1F8C8F26B97226006367FA /* TableViewCell.swift */,
				6B078A942695CECC00F67F1E /* WebViewController.swift */,
				6B6A794B26994D4D00B92DA6 /* HomeViewController.swift */,
				6B4B74C22697F86B00EC6A84 /* Failed.json */,
			);
			path = Controllers;
			sourceTree = "<group>";
		};
		E7802B2A260A58DA00F7C44C /* Views */ = {
			isa = PBXGroup;
			children = (
				E759292725FA6BE300363F6B /* Main.storyboard */,
			);
			path = Views;
			sourceTree = "<group>";
		};
		E7802B2B260A58E700F7C44C /* AppEssential */ = {
			isa = PBXGroup;
			children = (
				6B178E7E29F591CA00E8AB97 /* Screenshot 2023-04-23 at 9.29.04 PM.png */,
				E759292A25FA6BE500363F6B /* Assets.xcassets */,
				E759292C25FA6BE500363F6B /* LaunchScreen.storyboard */,
				6B0A3A39271FD21D00C5440B /* GoogleService-Info.plist */,
				E759292F25FA6BE500363F6B /* Info.plist */,
			);
			path = AppEssential;
			sourceTree = "<group>";
		};
		E7802B2C260A593300F7C44C /* ApiManagerOLD */ = {
			isa = PBXGroup;
			children = (
				E7802B3B260BA5E200F7C44C /* APIManagerOld.swift */,
			);
			name = ApiManagerOLD;
			sourceTree = "<group>";
		};
		E783D7B4262B4CE10028C3E0 /* Data */ = {
			isa = PBXGroup;
			children = (
				E783D7B5262B4CE80028C3E0 /* Images */,
			);
			path = Data;
			sourceTree = "<group>";
		};
		E783D7B5262B4CE80028C3E0 /* Images */ = {
			isa = PBXGroup;
			children = (
				E783D7B7262B4CED0028C3E0 /* naveenPhotos.jpg */,
				E783D7B6262B4CED0028C3E0 /* 3.png */,
			);
			path = Images;
			sourceTree = "<group>";
		};
		E7BF1E93266B5894004D2FDF /* SwiftyJSON */ = {
			isa = PBXGroup;
			children = (
				E7BF1E96266B58B8004D2FDF /* UserModel1.swift */,
				E7BF1E99266B58E7004D2FDF /* AppManagerNew.swift */,
				E7BF1E9C266B590A004D2FDF /* Controller.swift */,
			);
			path = SwiftyJSON;
			sourceTree = "<group>";
		};
		FFFD88170C47E144DA5602EF /* Pods */ = {
			isa = PBXGroup;
			children = (
				E9F6DFD903AA6AD0C3B22D7F /* Pods-Extension.debug.xcconfig */,
				362C0C96959DB0EFD51E0628 /* Pods-Extension.release.xcconfig */,
			);
			path = Pods;
			sourceTree = "<group>";
		};
/* End PBXGroup section */

/* Begin PBXNativeTarget section */
		E759291D25FA6BE300363F6B /* Extension */ = {
			isa = PBXNativeTarget;
			buildConfigurationList = E759293225FA6BE500363F6B /* Build configuration list for PBXNativeTarget "Extension" */;
			buildPhases = (
				FD410CEAA6361955E21F96B1 /* [CP] Check Pods Manifest.lock */,
				E759291A25FA6BE300363F6B /* Sources */,
				E759291B25FA6BE300363F6B /* Frameworks */,
				E759291C25FA6BE300363F6B /* Resources */,
				68DEBF6BE3CCCEDE9B8B8ADD /* [CP] Embed Pods Frameworks */,
				86382D59750CD508FC8F1BB7 /* [CP] Copy Pods Resources */,
			);
			buildRules = (
			);
			dependencies = (
			);
			name = Extension;
			productName = Extension;
			productReference = E759291E25FA6BE300363F6B /* Extension.app */;
			productType = "com.apple.product-type.application";
		};
/* End PBXNativeTarget section */

/* Begin PBXProject section */
		E759291625FA6BE300363F6B /* Project object */ = {
			isa = PBXProject;
			attributes = {
				LastSwiftUpdateCheck = 1220;
				LastUpgradeCheck = 1220;
				TargetAttributes = {
					E759291D25FA6BE300363F6B = {
						CreatedOnToolsVersion = 12.2;
					};
				};
			};
			buildConfigurationList = E759291925FA6BE300363F6B /* Build configuration list for PBXProject "Extension" */;
			compatibilityVersion = "Xcode 9.3";
			developmentRegion = en;
			hasScannedForEncodings = 0;
			knownRegions = (
				en,
				Base,
				ar,
				da,
				hi,
				ja,
				th,
			);
			mainGroup = E759291525FA6BE300363F6B;
			productRefGroup = E759291F25FA6BE300363F6B /* Products */;
			projectDirPath = "";
			projectRoot = "";
			targets = (
				E759291D25FA6BE300363F6B /* Extension */,
			);
		};
/* End PBXProject section */

/* Begin PBXResourcesBuildPhase section */
		E759291C25FA6BE300363F6B /* Resources */ = {
			isa = PBXResourcesBuildPhase;
			buildActionMask = 2147483647;
			files = (
				6BD64CB32691DE250091EB32 /* Poppins-Medium.otf in Resources */,
				6B078A992695D33D00F67F1E /* help.html in Resources */,
				E759292E25FA6BE500363F6B /* LaunchScreen.storyboard in Resources */,
				6B8FD302295875DC00864AC1 /* Screenshot 2022-12-25 at 5.37.41 PM.png in Resources */,
				6B10754F2956DCA100646F7B /* Screenshot 2022-12-24 at 12.34.54 PM.png in Resources */,
				6B47312D295224860094ED00 /* Onboarding.storyboard in Resources */,
				6B47313A2952263C0094ED00 /* BioData.json in Resources */,
				E759292B25FA6BE500363F6B /* Assets.xcassets in Resources */,
				E774BFAE2620AFCA0045907A /* appDsysms.png in Resources */,
				6B8FD300295875DC00864AC1 /* Screenshot 2022-12-25 at 5.36.29 PM.png in Resources */,
				6B0A3A3A271FD21D00C5440B /* GoogleService-Info.plist in Resources */,
				6B70FA5D269541C6006659A8 /* Localizable.strings in Resources */,
				6B8FD301295875DC00864AC1 /* Screenshot 2022-12-25 at 5.36.12 PM.png in Resources */,
				6BF48A7E29A1E17F002FB405 /* Screenshot 2023-02-19 at 10.16.26 AM.png in Resources */,
				E774BFAB261F59C60045907A /* Colors.plist in Resources */,
				6B4B74C32697F86C00EC6A84 /* Failed.json in Resources */,
				6B10754E2956DCA100646F7B /* Screenshot 2022-12-24 at 12.35.20 PM.png in Resources */,
				6B8FD303295875DC00864AC1 /* Screenshot 2022-12-25 at 5.35.56 PM.png in Resources */,
				6B178E7F29F591CA00E8AB97 /* Screenshot 2023-04-23 at 9.29.04 PM.png in Resources */,
				6BE8126D268F6D5200A9BCBF /* giphy.gif in Resources */,
				6BD64CB22691DE250091EB32 /* Poppins-Regular.otf in Resources */,
				E759292925FA6BE300363F6B /* Main.storyboard in Resources */,
			);
			runOnlyForDeploymentPostprocessing = 0;
		};
/* End PBXResourcesBuildPhase section */

/* Begin PBXShellScriptBuildPhase section */
		68DEBF6BE3CCCEDE9B8B8ADD /* [CP] Embed Pods Frameworks */ = {
			isa = PBXShellScriptBuildPhase;
			buildActionMask = 2147483647;
			files = (
			);
			inputFileListPaths = (
				"${PODS_ROOT}/Target Support Files/Pods-Extension/Pods-Extension-frameworks-${CONFIGURATION}-input-files.xcfilelist",
			);
			name = "[CP] Embed Pods Frameworks";
			outputFileListPaths = (
				"${PODS_ROOT}/Target Support Files/Pods-Extension/Pods-Extension-frameworks-${CONFIGURATION}-output-files.xcfilelist",
			);
			runOnlyForDeploymentPostprocessing = 0;
			shellPath = /bin/sh;
			shellScript = "\"${PODS_ROOT}/Target Support Files/Pods-Extension/Pods-Extension-frameworks.sh\"\n";
			showEnvVarsInLog = 0;
		};
		86382D59750CD508FC8F1BB7 /* [CP] Copy Pods Resources */ = {
			isa = PBXShellScriptBuildPhase;
			buildActionMask = 2147483647;
			files = (
			);
			inputFileListPaths = (
				"${PODS_ROOT}/Target Support Files/Pods-Extension/Pods-Extension-resources-${CONFIGURATION}-input-files.xcfilelist",
			);
			name = "[CP] Copy Pods Resources";
			outputFileListPaths = (
				"${PODS_ROOT}/Target Support Files/Pods-Extension/Pods-Extension-resources-${CONFIGURATION}-output-files.xcfilelist",
			);
			runOnlyForDeploymentPostprocessing = 0;
			shellPath = /bin/sh;
			shellScript = "\"${PODS_ROOT}/Target Support Files/Pods-Extension/Pods-Extension-resources.sh\"\n";
			showEnvVarsInLog = 0;
		};
		FD410CEAA6361955E21F96B1 /* [CP] Check Pods Manifest.lock */ = {
			isa = PBXShellScriptBuildPhase;
			buildActionMask = 2147483647;
			files = (
			);
			inputFileListPaths = (
			);
			inputPaths = (
				"${PODS_PODFILE_DIR_PATH}/Podfile.lock",
				"${PODS_ROOT}/Manifest.lock",
			);
			name = "[CP] Check Pods Manifest.lock";
			outputFileListPaths = (
			);
			outputPaths = (
				"$(DERIVED_FILE_DIR)/Pods-Extension-checkManifestLockResult.txt",
			);
			runOnlyForDeploymentPostprocessing = 0;
			shellPath = /bin/sh;
			shellScript = "diff \"${PODS_PODFILE_DIR_PATH}/Podfile.lock\" \"${PODS_ROOT}/Manifest.lock\" > /dev/null\nif [ $? != 0 ] ; then\n    # print error to STDERR\n    echo \"error: The sandbox is not in sync with the Podfile.lock. Run 'pod install' or update your CocoaPods installation.\" >&2\n    exit 1\nfi\n# This output is used by Xcode 'outputs' to avoid re-running this script phase.\necho \"SUCCESS\" > \"${SCRIPT_OUTPUT_FILE_0}\"\n";
			showEnvVarsInLog = 0;
		};
/* End PBXShellScriptBuildPhase section */

/* Begin PBXSourcesBuildPhase section */
		E759291A25FA6BE300363F6B /* Sources */ = {
			isa = PBXSourcesBuildPhase;
			buildActionMask = 2147483647;
			files = (
				6BEADA9F2950C91400488120 /* ColorPicker.swift in Sources */,
				6B0A3A38271FCFC800C5440B /* LocationManager.swift in Sources */,
				6B6123882B0D1DDB00C2B600 /* AppDelegate.swift in Sources */,
				6B078A972695D1C400F67F1E /* WebKit.swift in Sources */,
				6B47312E295224860094ED00 /* WalkthroughPageViewController.swift in Sources */,
				E759292625FA6BE300363F6B /* ViewController.swift in Sources */,
				6B1075512956DCC700646F7B /* AppIcon.swift in Sources */,
				6B4730E429520D6B0094ED00 /* GoogleSignup.swift in Sources */,
				6B6D645B29A9BCB50080E9D6 /* ShareHelper.swift in Sources */,
				6B078A9C2695E4E200F67F1E /* CalendarDateRangePickerViewController.swift in Sources */,
				E7802B3C260BA5E200F7C44C /* APIManagerOld.swift in Sources */,
				6B28C939271E6FB9001F9607 /* FirebaseManager.swift in Sources */,
				E72ABF74265A18B5008CE6A7 /* APIConstant.swift in Sources */,
				6B6D76B8296F11F300C4E152 /* MusicManager.swift in Sources */,
				6BB476ED2896E9D5008F6173 /* Model.swift in Sources */,
				6B6A794C26994D4D00B92DA6 /* HomeViewController.swift in Sources */,
				6B61238B2B0D1E6400C2B600 /* SceneDelegate.swift in Sources */,
				6BDB11B926BD793800AD32D5 /* SocketHelper.swift in Sources */,
				6B6D646429A9F0040080E9D6 /* GADRewarded.swift in Sources */,
				E774BFB326217BE00045907A /* imgurK.swift in Sources */,
				E7793D5A265C1C4D00427CD4 /* CollectionViewReusableView.swift in Sources */,
				E73E8C822663EA3800699CDD /* DropDown.swift in Sources */,
				E759292225FA6BE300363F6B /* AppDelegate.swift in Sources */,
				6B47312F295224860094ED00 /* WalkthroughContentViewController.swift in Sources */,
				6B4731392952263C0094ED00 /* UserBioData.swift in Sources */,
				6B28C938271E6FB9001F9607 /* Utility.swift in Sources */,
				E7DDA9682659756A00CD0496 /* UIActivityViewController.swift in Sources */,
				E7BF1E97266B58B8004D2FDF /* UserModel1.swift in Sources */,
				6B3F0C0A272D8AC100B1C02F /* IQKeyboardManager.swift in Sources */,
				E7BF1E9D266B590A004D2FDF /* Controller.swift in Sources */,
				E73E8BBC26613A0D00699CDD /* ShareBuildToClient.swift in Sources */,
				E7BF1E9A266B58E7004D2FDF /* AppManagerNew.swift in Sources */,
				E72ABF76265A18B5008CE6A7 /* GFunction.swift in Sources */,
				6BF48A7C29A1E0A1002FB405 /* FacebookLogin.swift in Sources */,
				6B8FD2FB295874FF00864AC1 /* zvoidwidget.swift in Sources */,
				E7802B67260E280B00F7C44C /* APIManager.swift in Sources */,
				E759292425FA6BE300363F6B /* SceneDelegate.swift in Sources */,
				6B078A952695CECC00F67F1E /* WebViewController.swift in Sources */,
				6B744A1A2773630D0067B90E /* SSL Invalid Certificate.swift in Sources */,
				E766A3662601A77200FD0961 /* Extension_Enum.swift in Sources */,
				6B858FB32721D44400FE8A0E /* PushNotification.swift in Sources */,
				6B47BFA42727007500F863F8 /* LocalNotification.swift in Sources */,
				6BB476EC2896E9D5008F6173 /* BasicInfo.swift in Sources */,
				6B4154E227071C80007516B1 /* ContactPicker&Message.swift in Sources */,
				E74C47EA26516FAC00B571B5 /* UIView-Shimmer.swift in Sources */,
				6B6D646729A9F09B0080E9D6 /* IAPHelper.swift in Sources */,
				6B0A3A36271FCFC800C5440B /* MapVC.swift in Sources */,
				E76114042636D1E80059F3AE /* DispatchQueue+Extensions.swift in Sources */,
				6B4C7CE626B9291900275E7A /* CountDownTimer.swift in Sources */,
				6B4CBD112860191F00D14681 /* AppManager.swift in Sources */,
				6B0A3A37271FCFC800C5440B /* PlacesVC.swift in Sources */,
				6B1F8C9026B97226006367FA /* TableViewCell.swift in Sources */,
				6BEC999C272EB7C900BF642F /* TouchLock.swift in Sources */,
				6BB476F02896EA22008F6173 /* HomeVC.swift in Sources */,
				E74C47C4264F9FF900B571B5 /* UIActivityIndicatorView.swift in Sources */,
				E759293725FA6BFF00363F6B /* Extensions.swift in Sources */,
				6B4731382952263C0094ED00 /* ViewController.swift in Sources */,
				6B8F372F26FCC33B00B69E53 /* SideMenu.swift in Sources */,
				E74B9BA22605018F00D68644 /* Global.swift in Sources */,
				E738A53E262CC33000A76112 /* DesignableUITextField.swift in Sources */,
				6B6123852B0D1DA500C2B600 /* CustomTabBar.swift in Sources */,
				6B18FCCD2AF61420001CE88D /* AudioRecording.swift in Sources */,
				6B199D382954BE8A0044B1F0 /* ImagePicker.swift in Sources */,
				6B6D645D29A9BCF10080E9D6 /* InstagramHelper.swift in Sources */,
				6B28C937271E6FB9001F9607 /* PostModel.swift in Sources */,
				6B078A912695674900F67F1E /* Localizable.swift in Sources */,
				6B4C7CE426B8FB9700275E7A /* FirstViewController.swift in Sources */,
				6B078A9326958EAC00F67F1E /* OTPFieldView.swift in Sources */,
				6BC1B5E729177D2D0090001E /* CountryPickerVC.swift in Sources */,
				E74C47DA2650F82600B571B5 /* PullToRefresh.swift in Sources */,
				E73E8C17266299D800699CDD /* Toast.swift in Sources */,
				6B6D645829A9B8870080E9D6 /* AppleSignup.swift in Sources */,
				E7802B38260A644100F7C44C /* NetworkReachability.swift in Sources */,
				6B473130295224860094ED00 /* WalkthroughViewController.swift in Sources */,
				E7F0C3CB266FC66E008681F6 /* Closure.swift in Sources */,
				E73E8C5B26637DD900699CDD /* MBProgessHUD.swift in Sources */,
				E72ABF75265A18B5008CE6A7 /* GConstant.swift in Sources */,
				6BBB4D4B269458F400A18280 /* DateToolsSwift.swift in Sources */,
				6B4CBD0F2860185D00D14681 /* UserModel.swift in Sources */,
			);
			runOnlyForDeploymentPostprocessing = 0;
		};
/* End PBXSourcesBuildPhase section */

/* Begin PBXVariantGroup section */
		6B70FA5F269541C6006659A8 /* Localizable.strings */ = {
			isa = PBXVariantGroup;
			children = (
				6B70FA5E269541C6006659A8 /* en */,
				6B70FA6426954A66006659A8 /* hi */,
				6B078A7926955CE100F67F1E /* th */,
			);
			name = Localizable.strings;
			sourceTree = "<group>";
		};
		E759292725FA6BE300363F6B /* Main.storyboard */ = {
			isa = PBXVariantGroup;
			children = (
				E759292825FA6BE300363F6B /* Base */,
				6B078A8A2695637D00F67F1E /* th */,
				6B078A8D269563D300F67F1E /* hi */,
				6B078A8F269565DF00F67F1E /* en */,
			);
			name = Main.storyboard;
			sourceTree = "<group>";
		};
		E759292C25FA6BE500363F6B /* LaunchScreen.storyboard */ = {
			isa = PBXVariantGroup;
			children = (
				E759292D25FA6BE500363F6B /* Base */,
			);
			name = LaunchScreen.storyboard;
			sourceTree = "<group>";
		};
/* End PBXVariantGroup section */

/* Begin XCBuildConfiguration section */
		E759293025FA6BE500363F6B /* Debug */ = {
			isa = XCBuildConfiguration;
			buildSettings = {
				ALWAYS_SEARCH_USER_PATHS = NO;
				CLANG_ANALYZER_LOCALIZABILITY_NONLOCALIZED = YES;
				CLANG_ANALYZER_NONNULL = YES;
				CLANG_ANALYZER_NUMBER_OBJECT_CONVERSION = YES_AGGRESSIVE;
				CLANG_CXX_LANGUAGE_STANDARD = "gnu++14";
				CLANG_CXX_LIBRARY = "libc++";
				CLANG_ENABLE_MODULES = YES;
				CLANG_ENABLE_OBJC_ARC = YES;
				CLANG_ENABLE_OBJC_WEAK = YES;
				CLANG_WARN_BLOCK_CAPTURE_AUTORELEASING = YES;
				CLANG_WARN_BOOL_CONVERSION = YES;
				CLANG_WARN_COMMA = YES;
				CLANG_WARN_CONSTANT_CONVERSION = YES;
				CLANG_WARN_DEPRECATED_OBJC_IMPLEMENTATIONS = YES;
				CLANG_WARN_DIRECT_OBJC_ISA_USAGE = YES_ERROR;
				CLANG_WARN_DOCUMENTATION_COMMENTS = YES;
				CLANG_WARN_EMPTY_BODY = YES;
				CLANG_WARN_ENUM_CONVERSION = YES;
				CLANG_WARN_INFINITE_RECURSION = YES;
				CLANG_WARN_INT_CONVERSION = YES;
				CLANG_WARN_NON_LITERAL_NULL_CONVERSION = YES;
				CLANG_WARN_OBJC_IMPLICIT_RETAIN_SELF = YES;
				CLANG_WARN_OBJC_LITERAL_CONVERSION = YES;
				CLANG_WARN_OBJC_ROOT_CLASS = YES_ERROR;
				CLANG_WARN_QUOTED_INCLUDE_IN_FRAMEWORK_HEADER = YES;
				CLANG_WARN_RANGE_LOOP_ANALYSIS = YES;
				CLANG_WARN_STRICT_PROTOTYPES = YES;
				CLANG_WARN_SUSPICIOUS_MOVE = YES;
				CLANG_WARN_UNGUARDED_AVAILABILITY = YES_AGGRESSIVE;
				CLANG_WARN_UNREACHABLE_CODE = YES;
				CLANG_WARN__DUPLICATE_METHOD_MATCH = YES;
				COPY_PHASE_STRIP = NO;
				DEBUG_INFORMATION_FORMAT = dwarf;
				ENABLE_STRICT_OBJC_MSGSEND = YES;
				ENABLE_TESTABILITY = YES;
				GCC_C_LANGUAGE_STANDARD = gnu11;
				GCC_DYNAMIC_NO_PIC = NO;
				GCC_NO_COMMON_BLOCKS = YES;
				GCC_OPTIMIZATION_LEVEL = 0;
				GCC_PREPROCESSOR_DEFINITIONS = (
					"DEBUG=1",
					"$(inherited)",
				);
				GCC_WARN_64_TO_32_BIT_CONVERSION = YES;
				GCC_WARN_ABOUT_RETURN_TYPE = YES_ERROR;
				GCC_WARN_UNDECLARED_SELECTOR = YES;
				GCC_WARN_UNINITIALIZED_AUTOS = YES_AGGRESSIVE;
				GCC_WARN_UNUSED_FUNCTION = YES;
				GCC_WARN_UNUSED_VARIABLE = YES;
				IPHONEOS_DEPLOYMENT_TARGET = 14.2;
				MTL_ENABLE_DEBUG_INFO = INCLUDE_SOURCE;
				MTL_FAST_MATH = YES;
				ONLY_ACTIVE_ARCH = YES;
				SDKROOT = iphoneos;
				SWIFT_ACTIVE_COMPILATION_CONDITIONS = DEBUG;
				SWIFT_OPTIMIZATION_LEVEL = "-Onone";
			};
			name = Debug;
		};
		E759293125FA6BE500363F6B /* Release */ = {
			isa = XCBuildConfiguration;
			buildSettings = {
				ALWAYS_SEARCH_USER_PATHS = NO;
				CLANG_ANALYZER_LOCALIZABILITY_NONLOCALIZED = YES;
				CLANG_ANALYZER_NONNULL = YES;
				CLANG_ANALYZER_NUMBER_OBJECT_CONVERSION = YES_AGGRESSIVE;
				CLANG_CXX_LANGUAGE_STANDARD = "gnu++14";
				CLANG_CXX_LIBRARY = "libc++";
				CLANG_ENABLE_MODULES = YES;
				CLANG_ENABLE_OBJC_ARC = YES;
				CLANG_ENABLE_OBJC_WEAK = YES;
				CLANG_WARN_BLOCK_CAPTURE_AUTORELEASING = YES;
				CLANG_WARN_BOOL_CONVERSION = YES;
				CLANG_WARN_COMMA = YES;
				CLANG_WARN_CONSTANT_CONVERSION = YES;
				CLANG_WARN_DEPRECATED_OBJC_IMPLEMENTATIONS = YES;
				CLANG_WARN_DIRECT_OBJC_ISA_USAGE = YES_ERROR;
				CLANG_WARN_DOCUMENTATION_COMMENTS = YES;
				CLANG_WARN_EMPTY_BODY = YES;
				CLANG_WARN_ENUM_CONVERSION = YES;
				CLANG_WARN_INFINITE_RECURSION = YES;
				CLANG_WARN_INT_CONVERSION = YES;
				CLANG_WARN_NON_LITERAL_NULL_CONVERSION = YES;
				CLANG_WARN_OBJC_IMPLICIT_RETAIN_SELF = YES;
				CLANG_WARN_OBJC_LITERAL_CONVERSION = YES;
				CLANG_WARN_OBJC_ROOT_CLASS = YES_ERROR;
				CLANG_WARN_QUOTED_INCLUDE_IN_FRAMEWORK_HEADER = YES;
				CLANG_WARN_RANGE_LOOP_ANALYSIS = YES;
				CLANG_WARN_STRICT_PROTOTYPES = YES;
				CLANG_WARN_SUSPICIOUS_MOVE = YES;
				CLANG_WARN_UNGUARDED_AVAILABILITY = YES_AGGRESSIVE;
				CLANG_WARN_UNREACHABLE_CODE = YES;
				CLANG_WARN__DUPLICATE_METHOD_MATCH = YES;
				COPY_PHASE_STRIP = NO;
				DEBUG_INFORMATION_FORMAT = "dwarf-with-dsym";
				ENABLE_NS_ASSERTIONS = NO;
				ENABLE_STRICT_OBJC_MSGSEND = YES;
				GCC_C_LANGUAGE_STANDARD = gnu11;
				GCC_NO_COMMON_BLOCKS = YES;
				GCC_WARN_64_TO_32_BIT_CONVERSION = YES;
				GCC_WARN_ABOUT_RETURN_TYPE = YES_ERROR;
				GCC_WARN_UNDECLARED_SELECTOR = YES;
				GCC_WARN_UNINITIALIZED_AUTOS = YES_AGGRESSIVE;
				GCC_WARN_UNUSED_FUNCTION = YES;
				GCC_WARN_UNUSED_VARIABLE = YES;
				IPHONEOS_DEPLOYMENT_TARGET = 14.2;
				MTL_ENABLE_DEBUG_INFO = NO;
				MTL_FAST_MATH = YES;
				SDKROOT = iphoneos;
				SWIFT_COMPILATION_MODE = wholemodule;
				SWIFT_OPTIMIZATION_LEVEL = "-O";
				VALIDATE_PRODUCT = YES;
			};
			name = Release;
		};
		E759293325FA6BE500363F6B /* Debug */ = {
			isa = XCBuildConfiguration;
			baseConfigurationReference = E9F6DFD903AA6AD0C3B22D7F /* Pods-Extension.debug.xcconfig */;
			buildSettings = {
				ARCHS = arm64;
				ASSETCATALOG_COMPILER_APPICON_NAME = AppIcon;
				ASSETCATALOG_COMPILER_GLOBAL_ACCENT_COLOR_NAME = AccentColor;
				CODE_SIGN_IDENTITY = "Apple Development";
				CODE_SIGN_STYLE = Automatic;
				DEVELOPMENT_TEAM = 2T7ZWU24QF;
				INFOPLIST_FILE = "$(SRCROOT)/Extension/AppEssential/Info.plist";
				LD_RUNPATH_SEARCH_PATHS = (
					"$(inherited)",
					"@executable_path/Frameworks",
				);
				PRODUCT_BUNDLE_IDENTIFIER = "codewithnaveen.Firestore-Demo";
				PRODUCT_NAME = "$(TARGET_NAME)";
				PROVISIONING_PROFILE_SPECIFIER = "";
				SWIFT_VERSION = 5.0;
				TARGETED_DEVICE_FAMILY = 1;
			};
			name = Debug;
		};
		E759293425FA6BE500363F6B /* Release */ = {
			isa = XCBuildConfiguration;
			baseConfigurationReference = 362C0C96959DB0EFD51E0628 /* Pods-Extension.release.xcconfig */;
			buildSettings = {
				ARCHS = arm64;
				ASSETCATALOG_COMPILER_APPICON_NAME = AppIcon;
				ASSETCATALOG_COMPILER_GLOBAL_ACCENT_COLOR_NAME = AccentColor;
				CODE_SIGN_IDENTITY = "Apple Development";
				CODE_SIGN_STYLE = Automatic;
				DEVELOPMENT_TEAM = 2T7ZWU24QF;
				INFOPLIST_FILE = "$(SRCROOT)/Extension/AppEssential/Info.plist";
				LD_RUNPATH_SEARCH_PATHS = (
					"$(inherited)",
					"@executable_path/Frameworks",
				);
				PRODUCT_BUNDLE_IDENTIFIER = "codewithnaveen.Firestore-Demo";
				PRODUCT_NAME = "$(TARGET_NAME)";
				PROVISIONING_PROFILE_SPECIFIER = "";
				SWIFT_VERSION = 5.0;
				TARGETED_DEVICE_FAMILY = 1;
			};
			name = Release;
		};
/* End XCBuildConfiguration section */

/* Begin XCConfigurationList section */
		E759291925FA6BE300363F6B /* Build configuration list for PBXProject "Extension" */ = {
			isa = XCConfigurationList;
			buildConfigurations = (
				E759293025FA6BE500363F6B /* Debug */,
				E759293125FA6BE500363F6B /* Release */,
			);
			defaultConfigurationIsVisible = 0;
			defaultConfigurationName = Release;
		};
		E759293225FA6BE500363F6B /* Build configuration list for PBXNativeTarget "Extension" */ = {
			isa = XCConfigurationList;
			buildConfigurations = (
				E759293325FA6BE500363F6B /* Debug */,
				E759293425FA6BE500363F6B /* Release */,
			);
			defaultConfigurationIsVisible = 0;
			defaultConfigurationName = Release;
		};
/* End XCConfigurationList section */
	};
	rootObject = E759291625FA6BE300363F6B /* Project object */;
}
